// !$*UTF8*$!
{
	archiveVersion = 1;
	classes = {
	};
	objectVersion = 54;
	objects = {

/* Begin PBXBuildFile section */
		0B8E83E12ED12C6D00EAF7AB /* SmallWidgetView.swift in Sources */ = {isa = PBXBuildFile; fileRef = 0B8E83C32ED12C6D00EAF7AB /* SmallWidgetView.swift */; };
		0B8E83E22ED12C6D00EAF7AB /* AnalyticsEvent.swift in Sources */ = {isa = PBXBuildFile; fileRef = 0B8E836C2ED12C6D00EAF7AB /* AnalyticsEvent.swift */; };
		0B8E83E32ED12C6D00EAF7AB /* NotificationManager.swift in Sources */ = {isa = PBXBuildFile; fileRef = 0B8E83D02ED12C6D00EAF7AB /* NotificationManager.swift */; };
		0B8E83E42ED12C6D00EAF7AB /* CheckInButtonsView.swift in Sources */ = {isa = PBXBuildFile; fileRef = 0B8E83AC2ED12C6D00EAF7AB /* CheckInButtonsView.swift */; };
		0B8E83E52ED12C6D00EAF7AB /* Group.swift in Sources */ = {isa = PBXBuildFile; fileRef = 0B8E837F2ED12C6D00EAF7AB /* Group.swift */; };
		0B8E83E62ED12C6D00EAF7AB /* GroupSwitcher.swift in Sources */ = {isa = PBXBuildFile; fileRef = 0B8E83A12ED12C6D00EAF7AB /* GroupSwitcher.swift */; };
		0B8E83E72ED12C6D00EAF7AB /* VoiceMessageCard.swift in Sources */ = {isa = PBXBuildFile; fileRef = 0B8E839E2ED12C6D00EAF7AB /* VoiceMessageCard.swift */; };
		0B8E83E82ED12C6D00EAF7AB /* QuickCheckInSheet.swift in Sources */ = {isa = PBXBuildFile; fileRef = 0B8E83A52ED12C6D00EAF7AB /* QuickCheckInSheet.swift */; };
		0B8E83E92ED12C6D00EAF7AB /* RefreshPulseIntent.swift in Sources */ = {isa = PBXBuildFile; fileRef = 0B8E83BC2ED12C6D00EAF7AB /* RefreshPulseIntent.swift */; };
		0B8E83EA2ED12C6D00EAF7AB /* PulseHomeView.swift in Sources */ = {isa = PBXBuildFile; fileRef = 0B8E83B02ED12C6D00EAF7AB /* PulseHomeView.swift */; };
		0B8E83EB2ED12C6D00EAF7AB /* PulseWidgetEntry.swift in Sources */ = {isa = PBXBuildFile; fileRef = 0B8E83C92ED12C6D00EAF7AB /* PulseWidgetEntry.swift */; };
		0B8E83EC2ED12C6D00EAF7AB /* Note.swift in Sources */ = {isa = PBXBuildFile; fileRef = 0B8E83802ED12C6D00EAF7AB /* Note.swift */; };
		0B8E83ED2ED12C6D00EAF7AB /* Color+Pulse.swift in Sources */ = {isa = PBXBuildFile; fileRef = 0B8E83CB2ED12C6D00EAF7AB /* Color+Pulse.swift */; };
		0B8E83EE2ED12C6D00EAF7AB /* LocationCard.swift in Sources */ = {isa = PBXBuildFile; fileRef = 0B8E839B2ED12C6D00EAF7AB /* LocationCard.swift */; };
		0B8E83EF2ED12C6D00EAF7AB /* TaskAPI.swift in Sources */ = {isa = PBXBuildFile; fileRef = 0B8E838B2ED12C6D00EAF7AB /* TaskAPI.swift */; };
		0B8E83F02ED12C6D00EAF7AB /* PulseDataManager.swift in Sources */ = {isa = PBXBuildFile; fileRef = 0B8E83762ED12C6D00EAF7AB /* PulseDataManager.swift */; };
		0B8E83F12ED12C6D00EAF7AB /* LargeWidgetView.swift in Sources */ = {isa = PBXBuildFile; fileRef = 0B8E83C12ED12C6D00EAF7AB /* LargeWidgetView.swift */; };
		0B8E83F22ED12C6D00EAF7AB /* AvatarView.swift in Sources */ = {isa = PBXBuildFile; fileRef = 0B8E83902ED12C6D00EAF7AB /* AvatarView.swift */; };
		0B8E83F32ED12C6D00EAF7AB /* ManualCheckInSheet.swift in Sources */ = {isa = PBXBuildFile; fileRef = 0B8E83AE2ED12C6D00EAF7AB /* ManualCheckInSheet.swift */; };
		0B8E83F42ED12C6D00EAF7AB /* AudioPlaybackManager.swift in Sources */ = {isa = PBXBuildFile; fileRef = 0B8E83702ED12C6D00EAF7AB /* AudioPlaybackManager.swift */; };
		0B8E83F52ED12C6D00EAF7AB /* SupabaseClient.swift in Sources */ = {isa = PBXBuildFile; fileRef = 0B8E838A2ED12C6D00EAF7AB /* SupabaseClient.swift */; };
		0B8E83F62ED12C6D00EAF7AB /* AudioCaptureManager.swift in Sources */ = {isa = PBXBuildFile; fileRef = 0B8E836F2ED12C6D00EAF7AB /* AudioCaptureManager.swift */; };
		0B8E83F72ED12C6D00EAF7AB /* SettingsView.swift in Sources */ = {isa = PBXBuildFile; fileRef = 0B8E83B42ED12C6D00EAF7AB /* SettingsView.swift */; };
		0B8E83F82ED12C6D00EAF7AB /* VoiceRecordSheet.swift in Sources */ = {isa = PBXBuildFile; fileRef = 0B8E83A82ED12C6D00EAF7AB /* VoiceRecordSheet.swift */; };
		0B8E83F92ED12C6D00EAF7AB /* NotesView.swift in Sources */ = {isa = PBXBuildFile; fileRef = 0B8E83B72ED12C6D00EAF7AB /* NotesView.swift */; };
		0B8E83FA2ED12C6D00EAF7AB /* HeroStatusCard.swift in Sources */ = {isa = PBXBuildFile; fileRef = 0B8E83A22ED12C6D00EAF7AB /* HeroStatusCard.swift */; };
		0B8E83FB2ED12C6D00EAF7AB /* PulseStatus.swift in Sources */ = {isa = PBXBuildFile; fileRef = 0B8E83812ED12C6D00EAF7AB /* PulseStatus.swift */; };
		0B8E83FC2ED12C6D00EAF7AB /* PulseApp.swift in Sources */ = {isa = PBXBuildFile; fileRef = 0B8E83DB2ED12C6D00EAF7AB /* PulseApp.swift */; };
		0B8E83FD2ED12C6D00EAF7AB /* VoiceMessageModel.swift in Sources */ = {isa = PBXBuildFile; fileRef = 0B8E83842ED12C6D00EAF7AB /* VoiceMessageModel.swift */; };
		0B8E83FE2ED12C6D00EAF7AB /* PulseTimelineProvider.swift in Sources */ = {isa = PBXBuildFile; fileRef = 0B8E83BF2ED12C6D00EAF7AB /* PulseTimelineProvider.swift */; };
		0B8E83FF2ED12C6D00EAF7AB /* RealtimeManager.swift in Sources */ = {isa = PBXBuildFile; fileRef = 0B8E83772ED12C6D00EAF7AB /* RealtimeManager.swift */; };
		0B8E84002ED12C6D00EAF7AB /* StatusAPI.swift in Sources */ = {isa = PBXBuildFile; fileRef = 0B8E83892ED12C6D00EAF7AB /* StatusAPI.swift */; };
		0B8E84012ED12C6D00EAF7AB /* PulseWidgetBundle.swift in Sources */ = {isa = PBXBuildFile; fileRef = 0B8E83C82ED12C6D00EAF7AB /* PulseWidgetBundle.swift */; };
		0B8E84022ED12C6D00EAF7AB /* FeedManager.swift in Sources */ = {isa = PBXBuildFile; fileRef = 0B8E83752ED12C6D00EAF7AB /* FeedManager.swift */; };
		0B8E84032ED12C6D00EAF7AB /* TaskCard.swift in Sources */ = {isa = PBXBuildFile; fileRef = 0B8E839D2ED12C6D00EAF7AB /* TaskCard.swift */; };
		0B8E84042ED12C6D00EAF7AB /* CurrentModeCard.swift in Sources */ = {isa = PBXBuildFile; fileRef = 0B8E83B32ED12C6D00EAF7AB /* CurrentModeCard.swift */; };
		0B8E84052ED12C6D00EAF7AB /* RootView.swift in Sources */ = {isa = PBXBuildFile; fileRef = 0B8E83642ED12C6D00EAF7AB /* RootView.swift */; };
		0B8E84062ED12C6D00EAF7AB /* UnifiedFeedView.swift in Sources */ = {isa = PBXBuildFile; fileRef = 0B8E83AA2ED12C6D00EAF7AB /* UnifiedFeedView.swift */; };
		0B8E84072ED12C6D00EAF7AB /* MarkSafeIntent.swift in Sources */ = {isa = PBXBuildFile; fileRef = 0B8E83BB2ED12C6D00EAF7AB /* MarkSafeIntent.swift */; };
		0B8E84082ED12C6D00EAF7AB /* ProfileSetupView.swift in Sources */ = {isa = PBXBuildFile; fileRef = 0B8E83982ED12C6D00EAF7AB /* ProfileSetupView.swift */; };
		0B8E84092ED12C6D00EAF7AB /* GroupJoinView.swift in Sources */ = {isa = PBXBuildFile; fileRef = 0B8E83972ED12C6D00EAF7AB /* GroupJoinView.swift */; };
		0B8E840A2ED12C6D00EAF7AB /* PulseWidget.swift in Sources */ = {isa = PBXBuildFile; fileRef = 0B8E83C72ED12C6D00EAF7AB /* PulseWidget.swift */; };
		0B8E840B2ED12C6D00EAF7AB /* NoteCard.swift in Sources */ = {isa = PBXBuildFile; fileRef = 0B8E839C2ED12C6D00EAF7AB /* NoteCard.swift */; };
		0B8E840C2ED12C6D00EAF7AB /* SettingsViewRedesign.swift in Sources */ = {isa = PBXBuildFile; fileRef = 0B8E83B52ED12C6D00EAF7AB /* SettingsViewRedesign.swift */; };
		0B8E840D2ED12C6D00EAF7AB /* TaskItem.swift in Sources */ = {isa = PBXBuildFile; fileRef = 0B8E83822ED12C6D00EAF7AB /* TaskItem.swift */; };
		0B8E840E2ED12C6D00EAF7AB /* WelcomeView.swift in Sources */ = {isa = PBXBuildFile; fileRef = 0B8E83992ED12C6D00EAF7AB /* WelcomeView.swift */; };
		0B8E840F2ED12C6D00EAF7AB /* PostHogManager.swift in Sources */ = {isa = PBXBuildFile; fileRef = 0B8E836D2ED12C6D00EAF7AB /* PostHogManager.swift */; };
		0B8E84102ED12C6D00EAF7AB /* UserAPI.swift in Sources */ = {isa = PBXBuildFile; fileRef = 0B8E838C2ED12C6D00EAF7AB /* UserAPI.swift */; };
		0B8E84112ED12C6D00EAF7AB /* HapticManager.swift in Sources */ = {isa = PBXBuildFile; fileRef = 0B8E83CF2ED12C6D00EAF7AB /* HapticManager.swift */; };
		0B8E84122ED12C6D00EAF7AB /* PulseStatusList.swift in Sources */ = {isa = PBXBuildFile; fileRef = 0B8E83B12ED12C6D00EAF7AB /* PulseStatusList.swift */; };
		0B8E84132ED12C6D00EAF7AB /* MemberDetailSheet.swift in Sources */ = {isa = PBXBuildFile; fileRef = 0B8E83A42ED12C6D00EAF7AB /* MemberDetailSheet.swift */; };
		0B8E84142ED12C6D00EAF7AB /* QuickNoteSheet.swift in Sources */ = {isa = PBXBuildFile; fileRef = 0B8E83A62ED12C6D00EAF7AB /* QuickNoteSheet.swift */; };
		0B8E84152ED12C6D00EAF7AB /* Date+RelativeTime.swift in Sources */ = {isa = PBXBuildFile; fileRef = 0B8E83CC2ED12C6D00EAF7AB /* Date+RelativeTime.swift */; };
		0B8E84162ED12C6D00EAF7AB /* PulseLocationManager.swift in Sources */ = {isa = PBXBuildFile; fileRef = 0B8E837A2ED12C6D00EAF7AB /* PulseLocationManager.swift */; };
		0B8E84172ED12C6D00EAF7AB /* EmptyState.swift in Sources */ = {isa = PBXBuildFile; fileRef = 0B8E83922ED12C6D00EAF7AB /* EmptyState.swift */; };
		0B8E84182ED12C6D00EAF7AB /* UserProfile.swift in Sources */ = {isa = PBXBuildFile; fileRef = 0B8E83832ED12C6D00EAF7AB /* UserProfile.swift */; };
		0B8E84192ED12C6D00EAF7AB /* MemberStatusRow.swift in Sources */ = {isa = PBXBuildFile; fileRef = 0B8E83AF2ED12C6D00EAF7AB /* MemberStatusRow.swift */; };
		0B8E841A2ED12C6D00EAF7AB /* DesignSystem.swift in Sources */ = {isa = PBXBuildFile; fileRef = 0B8E83952ED12C6D00EAF7AB /* DesignSystem.swift */; };
		0B8E841B2ED12C6D00EAF7AB /* StatusEventDTO.swift in Sources */ = {isa = PBXBuildFile; fileRef = 0B8E837C2ED12C6D00EAF7AB /* StatusEventDTO.swift */; };
		0B8E841C2ED12C6D00EAF7AB /* FeedItem.swift in Sources */ = {isa = PBXBuildFile; fileRef = 0B8E83862ED12C6D00EAF7AB /* FeedItem.swift */; };
		0B8E841D2ED12C6D00EAF7AB /* AudioUploadManager.swift in Sources */ = {isa = PBXBuildFile; fileRef = 0B8E83712ED12C6D00EAF7AB /* AudioUploadManager.swift */; };
		0B8E841E2ED12C6D00EAF7AB /* TasksView.swift in Sources */ = {isa = PBXBuildFile; fileRef = 0B8E83B82ED12C6D00EAF7AB /* TasksView.swift */; };
		0B8E841F2ED12C6D00EAF7AB /* SpeechRecognitionManager.swift in Sources */ = {isa = PBXBuildFile; fileRef = 0B8E83722ED12C6D00EAF7AB /* SpeechRecognitionManager.swift */; };
		0B8E84202ED12C6D00EAF7AB /* View+LiquidGlass.swift in Sources */ = {isa = PBXBuildFile; fileRef = 0B8E83CD2ED12C6D00EAF7AB /* View+LiquidGlass.swift */; };
		0B8E84212ED12C6D00EAF7AB /* MediumWidgetView.swift in Sources */ = {isa = PBXBuildFile; fileRef = 0B8E83C22ED12C6D00EAF7AB /* MediumWidgetView.swift */; };
		0B8E84222ED12C6D00EAF7AB /* ActionButton.swift in Sources */ = {isa = PBXBuildFile; fileRef = 0B8E838F2ED12C6D00EAF7AB /* ActionButton.swift */; };
		0B8E84232ED12C6D00EAF7AB /* FloatingActionButton.swift in Sources */ = {isa = PBXBuildFile; fileRef = 0B8E83A02ED12C6D00EAF7AB /* FloatingActionButton.swift */; };
		0B8E84242ED12C6D00EAF7AB /* GroupAPI.swift in Sources */ = {isa = PBXBuildFile; fileRef = 0B8E83882ED12C6D00EAF7AB /* GroupAPI.swift */; };
		0B8E84252ED12C6D00EAF7AB /* GroupSummaryCard.swift in Sources */ = {isa = PBXBuildFile; fileRef = 0B8E83AD2ED12C6D00EAF7AB /* GroupSummaryCard.swift */; };
		0B8E84262ED12C6D00EAF7AB /* TickTaskIntent.swift in Sources */ = {isa = PBXBuildFile; fileRef = 0B8E83BD2ED12C6D00EAF7AB /* TickTaskIntent.swift */; };
		0B8E84272ED12C6D00EAF7AB /* QuickTaskSheet.swift in Sources */ = {isa = PBXBuildFile; fileRef = 0B8E83A72ED12C6D00EAF7AB /* QuickTaskSheet.swift */; };
		0B8E84282ED12C6D00EAF7AB /* Card.swift in Sources */ = {isa = PBXBuildFile; fileRef = 0B8E83912ED12C6D00EAF7AB /* Card.swift */; };
		0B8E84292ED12C6D00EAF7AB /* AppGroupStore.swift in Sources */ = {isa = PBXBuildFile; fileRef = 0B8E83742ED12C6D00EAF7AB /* AppGroupStore.swift */; };
		0B8E842A2ED12C6D00EAF7AB /* PulseBluetoothManager.swift in Sources */ = {isa = PBXBuildFile; fileRef = 0B8E83792ED12C6D00EAF7AB /* PulseBluetoothManager.swift */; };
		0B8E842B2ED12C6D00EAF7AB /* TaskDTO.swift in Sources */ = {isa = PBXBuildFile; fileRef = 0B8E837D2ED12C6D00EAF7AB /* TaskDTO.swift */; };
		0B8E842C2ED12C6D00EAF7AB /* StatusIndicator.swift in Sources */ = {isa = PBXBuildFile; fileRef = 0B8E83932ED12C6D00EAF7AB /* StatusIndicator.swift */; };
		0B8E842D2ED12C6D00EAF7AB /* PostHog.plist.template in Resources */ = {isa = PBXBuildFile; fileRef = 0B8E83672ED12C6D00EAF7AB /* PostHog.plist.template */; };
		0B8E842E2ED12C6D00EAF7AB /* COMPLETION_SUMMARY.md in Resources */ = {isa = PBXBuildFile; fileRef = 0B8E83D52ED12C6D00EAF7AB /* COMPLETION_SUMMARY.md */; };
		0B8E842F2ED12C6D00EAF7AB /* rename_target.rb in Resources */ = {isa = PBXBuildFile; fileRef = 0B8E83DD2ED12C6D00EAF7AB /* rename_target.rb */; };
		0B8E84312ED12C6D00EAF7AB /* generate_project.rb in Resources */ = {isa = PBXBuildFile; fileRef = 0B8E83D62ED12C6D00EAF7AB /* generate_project.rb */; };
		0B8E84322ED12C6D00EAF7AB /* setup.sh in Resources */ = {isa = PBXBuildFile; fileRef = 0B8E83DE2ED12C6D00EAF7AB /* setup.sh */; };
		0B8E84342ED12C6D00EAF7AB /* check_paths.rb in Resources */ = {isa = PBXBuildFile; fileRef = 0B8E83D42ED12C6D00EAF7AB /* check_paths.rb */; };
		0B8E84352ED12C6D00EAF7AB /* README.md in Resources */ = {isa = PBXBuildFile; fileRef = 0B8E83DC2ED12C6D00EAF7AB /* README.md */; };
		0B8E84362ED12C6D00EAF7AB /* SETUP.md in Resources */ = {isa = PBXBuildFile; fileRef = 0B8E83DF2ED12C6D00EAF7AB /* SETUP.md */; };
		0B8E84372ED12C6D00EAF7AB /* PULSE_IMPLEMENTATION_SUMMARY.md in Resources */ = {isa = PBXBuildFile; fileRef = 0B8E83D92ED12C6D00EAF7AB /* PULSE_IMPLEMENTATION_SUMMARY.md */; };
		0B8E84392ED12C6D00EAF7AB /* PULSE_MVP_PLAN.md in Resources */ = {isa = PBXBuildFile; fileRef = 0B8E83DA2ED12C6D00EAF7AB /* PULSE_MVP_PLAN.md */; };
		0B8E843A2ED12C6D00EAF7AB /* Supabase.plist.template in Resources */ = {isa = PBXBuildFile; fileRef = 0B8E836A2ED12C6D00EAF7AB /* Supabase.plist.template */; };
		0BA60D592ECC69C7004A8F0C /* PostHog in Frameworks */ = {isa = PBXBuildFile; productRef = 0BA60D582ECC69C7004A8F0C /* PostHog */; };
		0BA60D5C2ECC69E2004A8F0C /* Auth in Frameworks */ = {isa = PBXBuildFile; productRef = 0BA60D5B2ECC69E2004A8F0C /* Auth */; };
		0BA60D5E2ECC69E2004A8F0C /* Functions in Frameworks */ = {isa = PBXBuildFile; productRef = 0BA60D5D2ECC69E2004A8F0C /* Functions */; };
		0BA60D602ECC69E2004A8F0C /* PostgREST in Frameworks */ = {isa = PBXBuildFile; productRef = 0BA60D5F2ECC69E2004A8F0C /* PostgREST */; };
		0BA60D622ECC69E2004A8F0C /* Realtime in Frameworks */ = {isa = PBXBuildFile; productRef = 0BA60D612ECC69E2004A8F0C /* Realtime */; };
		0BA60D642ECC69E2004A8F0C /* Storage in Frameworks */ = {isa = PBXBuildFile; productRef = 0BA60D632ECC69E2004A8F0C /* Storage */; };
		0BA60D662ECC69E2004A8F0C /* Supabase in Frameworks */ = {isa = PBXBuildFile; productRef = 0BA60D652ECC69E2004A8F0C /* Supabase */; };
/* End PBXBuildFile section */

/* Begin PBXFileReference section */
		0B8E83642ED12C6D00EAF7AB /* RootView.swift */ = {isa = PBXFileReference; lastKnownFileType = sourcecode.swift; path = RootView.swift; sourceTree = "<group>"; };
		0B8E83662ED12C6D00EAF7AB /* PostHog.plist */ = {isa = PBXFileReference; lastKnownFileType = text.plist.xml; path = PostHog.plist; sourceTree = "<group>"; };
		0B8E83672ED12C6D00EAF7AB /* PostHog.plist.template */ = {isa = PBXFileReference; lastKnownFileType = text.xml; path = PostHog.plist.template; sourceTree = "<group>"; };
		0B8E83682ED12C6D00EAF7AB /* README.md */ = {isa = PBXFileReference; lastKnownFileType = net.daringfireball.markdown; path = README.md; sourceTree = "<group>"; };
		0B8E83692ED12C6D00EAF7AB /* Supabase.plist */ = {isa = PBXFileReference; lastKnownFileType = text.plist.xml; path = Supabase.plist; sourceTree = "<group>"; };
		0B8E836A2ED12C6D00EAF7AB /* Supabase.plist.template */ = {isa = PBXFileReference; lastKnownFileType = text.xml; path = Supabase.plist.template; sourceTree = "<group>"; };
		0B8E836C2ED12C6D00EAF7AB /* AnalyticsEvent.swift */ = {isa = PBXFileReference; lastKnownFileType = sourcecode.swift; path = AnalyticsEvent.swift; sourceTree = "<group>"; };
		0B8E836D2ED12C6D00EAF7AB /* PostHogManager.swift */ = {isa = PBXFileReference; lastKnownFileType = sourcecode.swift; path = PostHogManager.swift; sourceTree = "<group>"; };
		0B8E836F2ED12C6D00EAF7AB /* AudioCaptureManager.swift */ = {isa = PBXFileReference; lastKnownFileType = sourcecode.swift; path = AudioCaptureManager.swift; sourceTree = "<group>"; };
		0B8E83702ED12C6D00EAF7AB /* AudioPlaybackManager.swift */ = {isa = PBXFileReference; lastKnownFileType = sourcecode.swift; path = AudioPlaybackManager.swift; sourceTree = "<group>"; };
		0B8E83712ED12C6D00EAF7AB /* AudioUploadManager.swift */ = {isa = PBXFileReference; lastKnownFileType = sourcecode.swift; path = AudioUploadManager.swift; sourceTree = "<group>"; };
		0B8E83722ED12C6D00EAF7AB /* SpeechRecognitionManager.swift */ = {isa = PBXFileReference; lastKnownFileType = sourcecode.swift; path = SpeechRecognitionManager.swift; sourceTree = "<group>"; };
		0B8E83742ED12C6D00EAF7AB /* AppGroupStore.swift */ = {isa = PBXFileReference; lastKnownFileType = sourcecode.swift; path = AppGroupStore.swift; sourceTree = "<group>"; };
		0B8E83752ED12C6D00EAF7AB /* FeedManager.swift */ = {isa = PBXFileReference; lastKnownFileType = sourcecode.swift; path = FeedManager.swift; sourceTree = "<group>"; };
		0B8E83762ED12C6D00EAF7AB /* PulseDataManager.swift */ = {isa = PBXFileReference; lastKnownFileType = sourcecode.swift; path = PulseDataManager.swift; sourceTree = "<group>"; };
		0B8E83772ED12C6D00EAF7AB /* RealtimeManager.swift */ = {isa = PBXFileReference; lastKnownFileType = sourcecode.swift; path = RealtimeManager.swift; sourceTree = "<group>"; };
		0B8E83792ED12C6D00EAF7AB /* PulseBluetoothManager.swift */ = {isa = PBXFileReference; lastKnownFileType = sourcecode.swift; path = PulseBluetoothManager.swift; sourceTree = "<group>"; };
		0B8E837A2ED12C6D00EAF7AB /* PulseLocationManager.swift */ = {isa = PBXFileReference; lastKnownFileType = sourcecode.swift; path = PulseLocationManager.swift; sourceTree = "<group>"; };
		0B8E837C2ED12C6D00EAF7AB /* StatusEventDTO.swift */ = {isa = PBXFileReference; lastKnownFileType = sourcecode.swift; path = StatusEventDTO.swift; sourceTree = "<group>"; };
		0B8E837D2ED12C6D00EAF7AB /* TaskDTO.swift */ = {isa = PBXFileReference; lastKnownFileType = sourcecode.swift; path = TaskDTO.swift; sourceTree = "<group>"; };
		0B8E837F2ED12C6D00EAF7AB /* Group.swift */ = {isa = PBXFileReference; lastKnownFileType = sourcecode.swift; path = Group.swift; sourceTree = "<group>"; };
		0B8E83802ED12C6D00EAF7AB /* Note.swift */ = {isa = PBXFileReference; lastKnownFileType = sourcecode.swift; path = Note.swift; sourceTree = "<group>"; };
		0B8E83812ED12C6D00EAF7AB /* PulseStatus.swift */ = {isa = PBXFileReference; lastKnownFileType = sourcecode.swift; path = PulseStatus.swift; sourceTree = "<group>"; };
		0B8E83822ED12C6D00EAF7AB /* TaskItem.swift */ = {isa = PBXFileReference; lastKnownFileType = sourcecode.swift; path = TaskItem.swift; sourceTree = "<group>"; };
		0B8E83832ED12C6D00EAF7AB /* UserProfile.swift */ = {isa = PBXFileReference; lastKnownFileType = sourcecode.swift; path = UserProfile.swift; sourceTree = "<group>"; };
		0B8E83842ED12C6D00EAF7AB /* VoiceMessageModel.swift */ = {isa = PBXFileReference; lastKnownFileType = sourcecode.swift; path = VoiceMessageModel.swift; sourceTree = "<group>"; };
		0B8E83862ED12C6D00EAF7AB /* FeedItem.swift */ = {isa = PBXFileReference; lastKnownFileType = sourcecode.swift; path = FeedItem.swift; sourceTree = "<group>"; };
		0B8E83882ED12C6D00EAF7AB /* GroupAPI.swift */ = {isa = PBXFileReference; lastKnownFileType = sourcecode.swift; path = GroupAPI.swift; sourceTree = "<group>"; };
		0B8E83892ED12C6D00EAF7AB /* StatusAPI.swift */ = {isa = PBXFileReference; lastKnownFileType = sourcecode.swift; path = StatusAPI.swift; sourceTree = "<group>"; };
		0B8E838A2ED12C6D00EAF7AB /* SupabaseClient.swift */ = {isa = PBXFileReference; lastKnownFileType = sourcecode.swift; path = SupabaseClient.swift; sourceTree = "<group>"; };
		0B8E838B2ED12C6D00EAF7AB /* TaskAPI.swift */ = {isa = PBXFileReference; lastKnownFileType = sourcecode.swift; path = TaskAPI.swift; sourceTree = "<group>"; };
		0B8E838C2ED12C6D00EAF7AB /* UserAPI.swift */ = {isa = PBXFileReference; lastKnownFileType = sourcecode.swift; path = UserAPI.swift; sourceTree = "<group>"; };
		0B8E838F2ED12C6D00EAF7AB /* ActionButton.swift */ = {isa = PBXFileReference; lastKnownFileType = sourcecode.swift; path = ActionButton.swift; sourceTree = "<group>"; };
		0B8E83902ED12C6D00EAF7AB /* AvatarView.swift */ = {isa = PBXFileReference; lastKnownFileType = sourcecode.swift; path = AvatarView.swift; sourceTree = "<group>"; };
		0B8E83912ED12C6D00EAF7AB /* Card.swift */ = {isa = PBXFileReference; lastKnownFileType = sourcecode.swift; path = Card.swift; sourceTree = "<group>"; };
		0B8E83922ED12C6D00EAF7AB /* EmptyState.swift */ = {isa = PBXFileReference; lastKnownFileType = sourcecode.swift; path = EmptyState.swift; sourceTree = "<group>"; };
		0B8E83932ED12C6D00EAF7AB /* StatusIndicator.swift */ = {isa = PBXFileReference; lastKnownFileType = sourcecode.swift; path = StatusIndicator.swift; sourceTree = "<group>"; };
		0B8E83952ED12C6D00EAF7AB /* DesignSystem.swift */ = {isa = PBXFileReference; lastKnownFileType = sourcecode.swift; path = DesignSystem.swift; sourceTree = "<group>"; };
		0B8E83972ED12C6D00EAF7AB /* GroupJoinView.swift */ = {isa = PBXFileReference; lastKnownFileType = sourcecode.swift; path = GroupJoinView.swift; sourceTree = "<group>"; };
		0B8E83982ED12C6D00EAF7AB /* ProfileSetupView.swift */ = {isa = PBXFileReference; lastKnownFileType = sourcecode.swift; path = ProfileSetupView.swift; sourceTree = "<group>"; };
		0B8E83992ED12C6D00EAF7AB /* WelcomeView.swift */ = {isa = PBXFileReference; lastKnownFileType = sourcecode.swift; path = WelcomeView.swift; sourceTree = "<group>"; };
		0B8E839B2ED12C6D00EAF7AB /* LocationCard.swift */ = {isa = PBXFileReference; lastKnownFileType = sourcecode.swift; path = LocationCard.swift; sourceTree = "<group>"; };
		0B8E839C2ED12C6D00EAF7AB /* NoteCard.swift */ = {isa = PBXFileReference; lastKnownFileType = sourcecode.swift; path = NoteCard.swift; sourceTree = "<group>"; };
		0B8E839D2ED12C6D00EAF7AB /* TaskCard.swift */ = {isa = PBXFileReference; lastKnownFileType = sourcecode.swift; path = TaskCard.swift; sourceTree = "<group>"; };
		0B8E839E2ED12C6D00EAF7AB /* VoiceMessageCard.swift */ = {isa = PBXFileReference; lastKnownFileType = sourcecode.swift; path = VoiceMessageCard.swift; sourceTree = "<group>"; };
		0B8E83A02ED12C6D00EAF7AB /* FloatingActionButton.swift */ = {isa = PBXFileReference; lastKnownFileType = sourcecode.swift; path = FloatingActionButton.swift; sourceTree = "<group>"; };
		0B8E83A12ED12C6D00EAF7AB /* GroupSwitcher.swift */ = {isa = PBXFileReference; lastKnownFileType = sourcecode.swift; path = GroupSwitcher.swift; sourceTree = "<group>"; };
		0B8E83A22ED12C6D00EAF7AB /* HeroStatusCard.swift */ = {isa = PBXFileReference; lastKnownFileType = sourcecode.swift; path = HeroStatusCard.swift; sourceTree = "<group>"; };
		0B8E83A42ED12C6D00EAF7AB /* MemberDetailSheet.swift */ = {isa = PBXFileReference; lastKnownFileType = sourcecode.swift; path = MemberDetailSheet.swift; sourceTree = "<group>"; };
		0B8E83A52ED12C6D00EAF7AB /* QuickCheckInSheet.swift */ = {isa = PBXFileReference; lastKnownFileType = sourcecode.swift; path = QuickCheckInSheet.swift; sourceTree = "<group>"; };
		0B8E83A62ED12C6D00EAF7AB /* QuickNoteSheet.swift */ = {isa = PBXFileReference; lastKnownFileType = sourcecode.swift; path = QuickNoteSheet.swift; sourceTree = "<group>"; };
		0B8E83A72ED12C6D00EAF7AB /* QuickTaskSheet.swift */ = {isa = PBXFileReference; lastKnownFileType = sourcecode.swift; path = QuickTaskSheet.swift; sourceTree = "<group>"; };
		0B8E83A82ED12C6D00EAF7AB /* VoiceRecordSheet.swift */ = {isa = PBXFileReference; lastKnownFileType = sourcecode.swift; path = VoiceRecordSheet.swift; sourceTree = "<group>"; };
		0B8E83AA2ED12C6D00EAF7AB /* UnifiedFeedView.swift */ = {isa = PBXFileReference; lastKnownFileType = sourcecode.swift; path = UnifiedFeedView.swift; sourceTree = "<group>"; };
		0B8E83AC2ED12C6D00EAF7AB /* CheckInButtonsView.swift */ = {isa = PBXFileReference; lastKnownFileType = sourcecode.swift; path = CheckInButtonsView.swift; sourceTree = "<group>"; };
		0B8E83AD2ED12C6D00EAF7AB /* GroupSummaryCard.swift */ = {isa = PBXFileReference; lastKnownFileType = sourcecode.swift; path = GroupSummaryCard.swift; sourceTree = "<group>"; };
		0B8E83AE2ED12C6D00EAF7AB /* ManualCheckInSheet.swift */ = {isa = PBXFileReference; lastKnownFileType = sourcecode.swift; path = ManualCheckInSheet.swift; sourceTree = "<group>"; };
		0B8E83AF2ED12C6D00EAF7AB /* MemberStatusRow.swift */ = {isa = PBXFileReference; lastKnownFileType = sourcecode.swift; path = MemberStatusRow.swift; sourceTree = "<group>"; };
		0B8E83B02ED12C6D00EAF7AB /* PulseHomeView.swift */ = {isa = PBXFileReference; lastKnownFileType = sourcecode.swift; path = PulseHomeView.swift; sourceTree = "<group>"; };
		0B8E83B12ED12C6D00EAF7AB /* PulseStatusList.swift */ = {isa = PBXFileReference; lastKnownFileType = sourcecode.swift; path = PulseStatusList.swift; sourceTree = "<group>"; };
		0B8E83B32ED12C6D00EAF7AB /* CurrentModeCard.swift */ = {isa = PBXFileReference; lastKnownFileType = sourcecode.swift; path = CurrentModeCard.swift; sourceTree = "<group>"; };
		0B8E83B42ED12C6D00EAF7AB /* SettingsView.swift */ = {isa = PBXFileReference; lastKnownFileType = sourcecode.swift; path = SettingsView.swift; sourceTree = "<group>"; };
		0B8E83B52ED12C6D00EAF7AB /* SettingsViewRedesign.swift */ = {isa = PBXFileReference; lastKnownFileType = sourcecode.swift; path = SettingsViewRedesign.swift; sourceTree = "<group>"; };
		0B8E83B72ED12C6D00EAF7AB /* NotesView.swift */ = {isa = PBXFileReference; lastKnownFileType = sourcecode.swift; path = NotesView.swift; sourceTree = "<group>"; };
		0B8E83B82ED12C6D00EAF7AB /* TasksView.swift */ = {isa = PBXFileReference; lastKnownFileType = sourcecode.swift; path = TasksView.swift; sourceTree = "<group>"; };
		0B8E83BB2ED12C6D00EAF7AB /* MarkSafeIntent.swift */ = {isa = PBXFileReference; lastKnownFileType = sourcecode.swift; path = MarkSafeIntent.swift; sourceTree = "<group>"; };
		0B8E83BC2ED12C6D00EAF7AB /* RefreshPulseIntent.swift */ = {isa = PBXFileReference; lastKnownFileType = sourcecode.swift; path = RefreshPulseIntent.swift; sourceTree = "<group>"; };
		0B8E83BD2ED12C6D00EAF7AB /* TickTaskIntent.swift */ = {isa = PBXFileReference; lastKnownFileType = sourcecode.swift; path = TickTaskIntent.swift; sourceTree = "<group>"; };
		0B8E83BF2ED12C6D00EAF7AB /* PulseTimelineProvider.swift */ = {isa = PBXFileReference; lastKnownFileType = sourcecode.swift; path = PulseTimelineProvider.swift; sourceTree = "<group>"; };
		0B8E83C12ED12C6D00EAF7AB /* LargeWidgetView.swift */ = {isa = PBXFileReference; lastKnownFileType = sourcecode.swift; path = LargeWidgetView.swift; sourceTree = "<group>"; };
		0B8E83C22ED12C6D00EAF7AB /* MediumWidgetView.swift */ = {isa = PBXFileReference; lastKnownFileType = sourcecode.swift; path = MediumWidgetView.swift; sourceTree = "<group>"; };
		0B8E83C32ED12C6D00EAF7AB /* SmallWidgetView.swift */ = {isa = PBXFileReference; lastKnownFileType = sourcecode.swift; path = SmallWidgetView.swift; sourceTree = "<group>"; };
		0B8E83C52ED12C6D00EAF7AB /* Info.plist */ = {isa = PBXFileReference; lastKnownFileType = text.plist.xml; path = Info.plist; sourceTree = "<group>"; };
		0B8E83C62ED12C6D00EAF7AB /* PulseWidget.entitlements */ = {isa = PBXFileReference; lastKnownFileType = text.plist.entitlements; path = PulseWidget.entitlements; sourceTree = "<group>"; };
		0B8E83C72ED12C6D00EAF7AB /* PulseWidget.swift */ = {isa = PBXFileReference; lastKnownFileType = sourcecode.swift; path = PulseWidget.swift; sourceTree = "<group>"; };
		0B8E83C82ED12C6D00EAF7AB /* PulseWidgetBundle.swift */ = {isa = PBXFileReference; lastKnownFileType = sourcecode.swift; path = PulseWidgetBundle.swift; sourceTree = "<group>"; };
		0B8E83C92ED12C6D00EAF7AB /* PulseWidgetEntry.swift */ = {isa = PBXFileReference; lastKnownFileType = sourcecode.swift; path = PulseWidgetEntry.swift; sourceTree = "<group>"; };
		0B8E83CB2ED12C6D00EAF7AB /* Color+Pulse.swift */ = {isa = PBXFileReference; lastKnownFileType = sourcecode.swift; path = "Color+Pulse.swift"; sourceTree = "<group>"; };
		0B8E83CC2ED12C6D00EAF7AB /* Date+RelativeTime.swift */ = {isa = PBXFileReference; lastKnownFileType = sourcecode.swift; path = "Date+RelativeTime.swift"; sourceTree = "<group>"; };
		0B8E83CD2ED12C6D00EAF7AB /* View+LiquidGlass.swift */ = {isa = PBXFileReference; lastKnownFileType = sourcecode.swift; path = "View+LiquidGlass.swift"; sourceTree = "<group>"; };
		0B8E83CF2ED12C6D00EAF7AB /* HapticManager.swift */ = {isa = PBXFileReference; lastKnownFileType = sourcecode.swift; path = HapticManager.swift; sourceTree = "<group>"; };
		0B8E83D02ED12C6D00EAF7AB /* NotificationManager.swift */ = {isa = PBXFileReference; lastKnownFileType = sourcecode.swift; path = NotificationManager.swift; sourceTree = "<group>"; };
		0B8E83D32ED12C6D00EAF7AB /* .gitignore */ = {isa = PBXFileReference; lastKnownFileType = text; path = .gitignore; sourceTree = "<group>"; };
		0B8E83D42ED12C6D00EAF7AB /* check_paths.rb */ = {isa = PBXFileReference; lastKnownFileType = text.script.ruby; path = check_paths.rb; sourceTree = "<group>"; };
		0B8E83D52ED12C6D00EAF7AB /* COMPLETION_SUMMARY.md */ = {isa = PBXFileReference; lastKnownFileType = net.daringfireball.markdown; path = COMPLETION_SUMMARY.md; sourceTree = "<group>"; };
		0B8E83D62ED12C6D00EAF7AB /* generate_project.rb */ = {isa = PBXFileReference; lastKnownFileType = text.script.ruby; path = generate_project.rb; sourceTree = "<group>"; };
		0B8E83D72ED12C6D00EAF7AB /* Info.plist */ = {isa = PBXFileReference; lastKnownFileType = text.plist.xml; path = Info.plist; sourceTree = "<group>"; };
		0B8E83D82ED12C6D00EAF7AB /* Pulse.entitlements */ = {isa = PBXFileReference; lastKnownFileType = text.plist.entitlements; path = Pulse.entitlements; sourceTree = "<group>"; };
		0B8E83D92ED12C6D00EAF7AB /* PULSE_IMPLEMENTATION_SUMMARY.md */ = {isa = PBXFileReference; lastKnownFileType = net.daringfireball.markdown; path = PULSE_IMPLEMENTATION_SUMMARY.md; sourceTree = "<group>"; };
		0B8E83DA2ED12C6D00EAF7AB /* PULSE_MVP_PLAN.md */ = {isa = PBXFileReference; lastKnownFileType = net.daringfireball.markdown; path = PULSE_MVP_PLAN.md; sourceTree = "<group>"; };
		0B8E83DB2ED12C6D00EAF7AB /* PulseApp.swift */ = {isa = PBXFileReference; lastKnownFileType = sourcecode.swift; path = PulseApp.swift; sourceTree = "<group>"; };
		0B8E83DC2ED12C6D00EAF7AB /* README.md */ = {isa = PBXFileReference; lastKnownFileType = net.daringfireball.markdown; path = README.md; sourceTree = "<group>"; };
		0B8E83DD2ED12C6D00EAF7AB /* rename_target.rb */ = {isa = PBXFileReference; lastKnownFileType = text.script.ruby; path = rename_target.rb; sourceTree = "<group>"; };
		0B8E83DE2ED12C6D00EAF7AB /* setup.sh */ = {isa = PBXFileReference; lastKnownFileType = text.script.sh; path = setup.sh; sourceTree = "<group>"; };
		0B8E83DF2ED12C6D00EAF7AB /* SETUP.md */ = {isa = PBXFileReference; lastKnownFileType = net.daringfireball.markdown; path = SETUP.md; sourceTree = "<group>"; };
		A8ED5CD17ECB681C0C1400D4 /* Pulse.app */ = {isa = PBXFileReference; explicitFileType = wrapper.application; includeInIndex = 0; name = Pulse.app; path = "/Users/lukefornieri/Pulse/build/Debug-iphoneos/Pulse.app"; sourceTree = "<absolute>"; };
/* End PBXFileReference section */

/* Begin PBXFrameworksBuildPhase section */
		E8E9662ACAA086EEBF84B8AC /* Frameworks */ = {
			isa = PBXFrameworksBuildPhase;
			buildActionMask = 2147483647;
			files = (
				0BA60D592ECC69C7004A8F0C /* PostHog in Frameworks */,
				0BA60D642ECC69E2004A8F0C /* Storage in Frameworks */,
				0BA60D5E2ECC69E2004A8F0C /* Functions in Frameworks */,
				0BA60D662ECC69E2004A8F0C /* Supabase in Frameworks */,
				0BA60D622ECC69E2004A8F0C /* Realtime in Frameworks */,
				0BA60D5C2ECC69E2004A8F0C /* Auth in Frameworks */,
				0BA60D602ECC69E2004A8F0C /* PostgREST in Frameworks */,
			);
			runOnlyForDeploymentPostprocessing = 0;
		};
/* End PBXFrameworksBuildPhase section */

/* Begin PBXGroup section */
		0B8E83652ED12C6D00EAF7AB /* App */ = {
			isa = PBXGroup;
			children = (
				0B8E83642ED12C6D00EAF7AB /* RootView.swift */,
			);
			path = App;
			sourceTree = "<group>";
		};
		0B8E836B2ED12C6D00EAF7AB /* Config */ = {
			isa = PBXGroup;
			children = (
				0B8E83662ED12C6D00EAF7AB /* PostHog.plist */,
				0B8E83672ED12C6D00EAF7AB /* PostHog.plist.template */,
				0B8E83682ED12C6D00EAF7AB /* README.md */,
				0B8E83692ED12C6D00EAF7AB /* Supabase.plist */,
				0B8E836A2ED12C6D00EAF7AB /* Supabase.plist.template */,
			);
			path = Config;
			sourceTree = "<group>";
		};
		0B8E836E2ED12C6D00EAF7AB /* Analytics */ = {
			isa = PBXGroup;
			children = (
				0B8E836C2ED12C6D00EAF7AB /* AnalyticsEvent.swift */,
				0B8E836D2ED12C6D00EAF7AB /* PostHogManager.swift */,
			);
			path = Analytics;
			sourceTree = "<group>";
		};
		0B8E83732ED12C6D00EAF7AB /* Audio */ = {
			isa = PBXGroup;
			children = (
				0B8E836F2ED12C6D00EAF7AB /* AudioCaptureManager.swift */,
				0B8E83702ED12C6D00EAF7AB /* AudioPlaybackManager.swift */,
				0B8E83712ED12C6D00EAF7AB /* AudioUploadManager.swift */,
				0B8E83722ED12C6D00EAF7AB /* SpeechRecognitionManager.swift */,
			);
			path = Audio;
			sourceTree = "<group>";
		};
		0B8E83782ED12C6D00EAF7AB /* Data */ = {
			isa = PBXGroup;
			children = (
				0B8E83742ED12C6D00EAF7AB /* AppGroupStore.swift */,
				0B8E83752ED12C6D00EAF7AB /* FeedManager.swift */,
				0B8E83762ED12C6D00EAF7AB /* PulseDataManager.swift */,
				0B8E83772ED12C6D00EAF7AB /* RealtimeManager.swift */,
			);
			path = Data;
			sourceTree = "<group>";
		};
		0B8E837B2ED12C6D00EAF7AB /* Location */ = {
			isa = PBXGroup;
			children = (
				0B8E83792ED12C6D00EAF7AB /* PulseBluetoothManager.swift */,
				0B8E837A2ED12C6D00EAF7AB /* PulseLocationManager.swift */,
			);
			path = Location;
			sourceTree = "<group>";
		};
		0B8E837E2ED12C6D00EAF7AB /* DTO */ = {
			isa = PBXGroup;
			children = (
				0B8E837C2ED12C6D00EAF7AB /* StatusEventDTO.swift */,
				0B8E837D2ED12C6D00EAF7AB /* TaskDTO.swift */,
			);
			path = DTO;
			sourceTree = "<group>";
		};
		0B8E83852ED12C6D00EAF7AB /* SwiftData */ = {
			isa = PBXGroup;
			children = (
				0B8E837F2ED12C6D00EAF7AB /* Group.swift */,
				0B8E83802ED12C6D00EAF7AB /* Note.swift */,
				0B8E83812ED12C6D00EAF7AB /* PulseStatus.swift */,
				0B8E83822ED12C6D00EAF7AB /* TaskItem.swift */,
				0B8E83832ED12C6D00EAF7AB /* UserProfile.swift */,
				0B8E83842ED12C6D00EAF7AB /* VoiceMessageModel.swift */,
			);
			path = SwiftData;
			sourceTree = "<group>";
		};
		0B8E83872ED12C6D00EAF7AB /* Models */ = {
			isa = PBXGroup;
			children = (
				0B8E837E2ED12C6D00EAF7AB /* DTO */,
				0B8E83852ED12C6D00EAF7AB /* SwiftData */,
				0B8E83862ED12C6D00EAF7AB /* FeedItem.swift */,
			);
			path = Models;
			sourceTree = "<group>";
		};
		0B8E838D2ED12C6D00EAF7AB /* Network */ = {
			isa = PBXGroup;
			children = (
				0B8E83882ED12C6D00EAF7AB /* GroupAPI.swift */,
				0B8E83892ED12C6D00EAF7AB /* StatusAPI.swift */,
				0B8E838A2ED12C6D00EAF7AB /* SupabaseClient.swift */,
				0B8E838B2ED12C6D00EAF7AB /* TaskAPI.swift */,
				0B8E838C2ED12C6D00EAF7AB /* UserAPI.swift */,
			);
			path = Network;
			sourceTree = "<group>";
		};
		0B8E838E2ED12C6D00EAF7AB /* Core */ = {
			isa = PBXGroup;
			children = (
				0B8E836E2ED12C6D00EAF7AB /* Analytics */,
				0B8E83732ED12C6D00EAF7AB /* Audio */,
				0B8E83782ED12C6D00EAF7AB /* Data */,
				0B8E837B2ED12C6D00EAF7AB /* Location */,
				0B8E83872ED12C6D00EAF7AB /* Models */,
				0B8E838D2ED12C6D00EAF7AB /* Network */,
			);
			path = Core;
			sourceTree = "<group>";
		};
		0B8E83942ED12C6D00EAF7AB /* Components */ = {
			isa = PBXGroup;
			children = (
				0B8E838F2ED12C6D00EAF7AB /* ActionButton.swift */,
				0B8E83902ED12C6D00EAF7AB /* AvatarView.swift */,
				0B8E83912ED12C6D00EAF7AB /* Card.swift */,
				0B8E83922ED12C6D00EAF7AB /* EmptyState.swift */,
				0B8E83932ED12C6D00EAF7AB /* StatusIndicator.swift */,
			);
			path = Components;
			sourceTree = "<group>";
		};
		0B8E83962ED12C6D00EAF7AB /* Design */ = {
			isa = PBXGroup;
			children = (
				0B8E83942ED12C6D00EAF7AB /* Components */,
				0B8E83952ED12C6D00EAF7AB /* DesignSystem.swift */,
			);
			path = Design;
			sourceTree = "<group>";
		};
		0B8E839A2ED12C6D00EAF7AB /* Auth */ = {
			isa = PBXGroup;
			children = (
				0B8E83972ED12C6D00EAF7AB /* GroupJoinView.swift */,
				0B8E83982ED12C6D00EAF7AB /* ProfileSetupView.swift */,
				0B8E83992ED12C6D00EAF7AB /* WelcomeView.swift */,
			);
			path = Auth;
			sourceTree = "<group>";
		};
		0B8E839F2ED12C6D00EAF7AB /* Cards */ = {
			isa = PBXGroup;
			children = (
				0B8E839B2ED12C6D00EAF7AB /* LocationCard.swift */,
				0B8E839C2ED12C6D00EAF7AB /* NoteCard.swift */,
				0B8E839D2ED12C6D00EAF7AB /* TaskCard.swift */,
				0B8E839E2ED12C6D00EAF7AB /* VoiceMessageCard.swift */,
			);
			path = Cards;
			sourceTree = "<group>";
		};
		0B8E83A32ED12C6D00EAF7AB /* Components */ = {
			isa = PBXGroup;
			children = (
				0B8E83A02ED12C6D00EAF7AB /* FloatingActionButton.swift */,
				0B8E83A12ED12C6D00EAF7AB /* GroupSwitcher.swift */,
				0B8E83A22ED12C6D00EAF7AB /* HeroStatusCard.swift */,
			);
			path = Components;
			sourceTree = "<group>";
		};
		0B8E83A92ED12C6D00EAF7AB /* Sheets */ = {
			isa = PBXGroup;
			children = (
				0B8E83A42ED12C6D00EAF7AB /* MemberDetailSheet.swift */,
				0B8E83A52ED12C6D00EAF7AB /* QuickCheckInSheet.swift */,
				0B8E83A62ED12C6D00EAF7AB /* QuickNoteSheet.swift */,
				0B8E83A72ED12C6D00EAF7AB /* QuickTaskSheet.swift */,
				0B8E83A82ED12C6D00EAF7AB /* VoiceRecordSheet.swift */,
			);
			path = Sheets;
			sourceTree = "<group>";
		};
		0B8E83AB2ED12C6D00EAF7AB /* Feed */ = {
			isa = PBXGroup;
			children = (
				0B8E839F2ED12C6D00EAF7AB /* Cards */,
				0B8E83A32ED12C6D00EAF7AB /* Components */,
				0B8E83A92ED12C6D00EAF7AB /* Sheets */,
				0B8E83AA2ED12C6D00EAF7AB /* UnifiedFeedView.swift */,
			);
			path = Feed;
			sourceTree = "<group>";
		};
		0B8E83B22ED12C6D00EAF7AB /* PulseHome */ = {
			isa = PBXGroup;
			children = (
				0B8E83AC2ED12C6D00EAF7AB /* CheckInButtonsView.swift */,
				0B8E83AD2ED12C6D00EAF7AB /* GroupSummaryCard.swift */,
				0B8E83AE2ED12C6D00EAF7AB /* ManualCheckInSheet.swift */,
				0B8E83AF2ED12C6D00EAF7AB /* MemberStatusRow.swift */,
				0B8E83B02ED12C6D00EAF7AB /* PulseHomeView.swift */,
				0B8E83B12ED12C6D00EAF7AB /* PulseStatusList.swift */,
			);
			path = PulseHome;
			sourceTree = "<group>";
		};
		0B8E83B62ED12C6D00EAF7AB /* Settings */ = {
			isa = PBXGroup;
			children = (
				0B8E83B32ED12C6D00EAF7AB /* CurrentModeCard.swift */,
				0B8E83B42ED12C6D00EAF7AB /* SettingsView.swift */,
				0B8E83B52ED12C6D00EAF7AB /* SettingsViewRedesign.swift */,
			);
			path = Settings;
			sourceTree = "<group>";
		};
		0B8E83B92ED12C6D00EAF7AB /* Tasks */ = {
			isa = PBXGroup;
			children = (
				0B8E83B72ED12C6D00EAF7AB /* NotesView.swift */,
				0B8E83B82ED12C6D00EAF7AB /* TasksView.swift */,
			);
			path = Tasks;
			sourceTree = "<group>";
		};
		0B8E83BA2ED12C6D00EAF7AB /* Features */ = {
			isa = PBXGroup;
			children = (
				0B8E839A2ED12C6D00EAF7AB /* Auth */,
				0B8E83AB2ED12C6D00EAF7AB /* Feed */,
				0B8E83B22ED12C6D00EAF7AB /* PulseHome */,
				0B8E83B62ED12C6D00EAF7AB /* Settings */,
				0B8E83B92ED12C6D00EAF7AB /* Tasks */,
			);
			path = Features;
			sourceTree = "<group>";
		};
		0B8E83BE2ED12C6D00EAF7AB /* PulseIntents */ = {
			isa = PBXGroup;
			children = (
				0B8E83BB2ED12C6D00EAF7AB /* MarkSafeIntent.swift */,
				0B8E83BC2ED12C6D00EAF7AB /* RefreshPulseIntent.swift */,
				0B8E83BD2ED12C6D00EAF7AB /* TickTaskIntent.swift */,
			);
			path = PulseIntents;
			sourceTree = "<group>";
		};
		0B8E83C02ED12C6D00EAF7AB /* Providers */ = {
			isa = PBXGroup;
			children = (
				0B8E83BF2ED12C6D00EAF7AB /* PulseTimelineProvider.swift */,
			);
			path = Providers;
			sourceTree = "<group>";
		};
		0B8E83C42ED12C6D00EAF7AB /* Views */ = {
			isa = PBXGroup;
			children = (
				0B8E83C12ED12C6D00EAF7AB /* LargeWidgetView.swift */,
				0B8E83C22ED12C6D00EAF7AB /* MediumWidgetView.swift */,
				0B8E83C32ED12C6D00EAF7AB /* SmallWidgetView.swift */,
			);
			path = Views;
			sourceTree = "<group>";
		};
		0B8E83CA2ED12C6D00EAF7AB /* PulseWidget */ = {
			isa = PBXGroup;
			children = (
				0B8E83C02ED12C6D00EAF7AB /* Providers */,
				0B8E83C42ED12C6D00EAF7AB /* Views */,
				0B8E83C52ED12C6D00EAF7AB /* Info.plist */,
				0B8E83C62ED12C6D00EAF7AB /* PulseWidget.entitlements */,
				0B8E83C72ED12C6D00EAF7AB /* PulseWidget.swift */,
				0B8E83C82ED12C6D00EAF7AB /* PulseWidgetBundle.swift */,
				0B8E83C92ED12C6D00EAF7AB /* PulseWidgetEntry.swift */,
			);
			path = PulseWidget;
			sourceTree = "<group>";
		};
		0B8E83CE2ED12C6D00EAF7AB /* Extensions */ = {
			isa = PBXGroup;
			children = (
				0B8E83CB2ED12C6D00EAF7AB /* Color+Pulse.swift */,
				0B8E83CC2ED12C6D00EAF7AB /* Date+RelativeTime.swift */,
				0B8E83CD2ED12C6D00EAF7AB /* View+LiquidGlass.swift */,
			);
			path = Extensions;
			sourceTree = "<group>";
		};
		0B8E83D12ED12C6D00EAF7AB /* Helpers */ = {
			isa = PBXGroup;
			children = (
				0B8E83CF2ED12C6D00EAF7AB /* HapticManager.swift */,
				0B8E83D02ED12C6D00EAF7AB /* NotificationManager.swift */,
			);
			path = Helpers;
			sourceTree = "<group>";
		};
		0B8E83D22ED12C6D00EAF7AB /* Utilities */ = {
			isa = PBXGroup;
			children = (
				0B8E83CE2ED12C6D00EAF7AB /* Extensions */,
				0B8E83D12ED12C6D00EAF7AB /* Helpers */,
			);
			path = Utilities;
			sourceTree = "<group>";
		};
		0B8E83E02ED12C6D00EAF7AB /* Pulse */ = {
			isa = PBXGroup;
			children = (
				0B8E83652ED12C6D00EAF7AB /* App */,
				0B8E836B2ED12C6D00EAF7AB /* Config */,
				0B8E838E2ED12C6D00EAF7AB /* Core */,
				0B8E83962ED12C6D00EAF7AB /* Design */,
				0B8E83BA2ED12C6D00EAF7AB /* Features */,
				0B8E83BE2ED12C6D00EAF7AB /* PulseIntents */,
				0B8E83CA2ED12C6D00EAF7AB /* PulseWidget */,
				0B8E83D22ED12C6D00EAF7AB /* Utilities */,
				0B8E83D32ED12C6D00EAF7AB /* .gitignore */,
				0B8E83D42ED12C6D00EAF7AB /* check_paths.rb */,
				0B8E83D52ED12C6D00EAF7AB /* COMPLETION_SUMMARY.md */,
				0B8E83D62ED12C6D00EAF7AB /* generate_project.rb */,
				0B8E83D72ED12C6D00EAF7AB /* Info.plist */,
				0B8E83D82ED12C6D00EAF7AB /* Pulse.entitlements */,
				0B8E83D92ED12C6D00EAF7AB /* PULSE_IMPLEMENTATION_SUMMARY.md */,
				0B8E83DA2ED12C6D00EAF7AB /* PULSE_MVP_PLAN.md */,
				0B8E83DB2ED12C6D00EAF7AB /* PulseApp.swift */,
				0B8E83DC2ED12C6D00EAF7AB /* README.md */,
				0B8E83DD2ED12C6D00EAF7AB /* rename_target.rb */,
				0B8E83DE2ED12C6D00EAF7AB /* setup.sh */,
				0B8E83DF2ED12C6D00EAF7AB /* SETUP.md */,
			);
			path = Pulse;
			sourceTree = "<group>";
		};
		F5C626A1E6D53DB97FD9A8C9 = {
			isa = PBXGroup;
			children = (
				0B8E83E02ED12C6D00EAF7AB /* Pulse */,
			);
			sourceTree = "<group>";
		};
/* End PBXGroup section */

/* Begin PBXNativeTarget section */
		5E30E1C7F40457D9C9A69705 /* Pulse */ = {
			isa = PBXNativeTarget;
			buildConfigurationList = CD5CFFEDAEA27EF25EF016BD /* Build configuration list for PBXNativeTarget "Pulse" */;
			buildPhases = (
				B9B36B7F5631F87882F4F5B4 /* Sources */,
				E8E9662ACAA086EEBF84B8AC /* Frameworks */,
				5D7530289CDC821F5A8091DC /* Resources */,
			);
			buildRules = (
			);
			dependencies = (
			);
			name = Pulse;
			productName = Pulse;
			productReference = A8ED5CD17ECB681C0C1400D4 /* Pulse.app */;
			productType = "com.apple.product-type.application";
		};
/* End PBXNativeTarget section */

/* Begin PBXProject section */
		9DB2248EA59F5906BC7DF50A /* Project object */ = {
			isa = PBXProject;
			attributes = {
				BuildIndependentTargetsInParallel = YES;
				LastSwiftUpdateCheck = 1600;
				LastUpgradeCheck = 2610;
			};
			buildConfigurationList = 21D7B19552E50C8159CCE389 /* Build configuration list for PBXProject "Pulse" */;
			compatibilityVersion = "Xcode 3.2";
			developmentRegion = en;
			hasScannedForEncodings = 0;
			knownRegions = (
				en,
				Base,
			);
			mainGroup = F5C626A1E6D53DB97FD9A8C9;
			packageReferences = (
				0BA60D572ECC69C7004A8F0C /* XCRemoteSwiftPackageReference "posthog-ios" */,
				0BA60D5A2ECC69E2004A8F0C /* XCRemoteSwiftPackageReference "supabase-swift" */,
			);
			productRefGroup = F5C626A1E6D53DB97FD9A8C9;
			projectDirPath = "";
			projectRoot = "";
			targets = (
				5E30E1C7F40457D9C9A69705 /* Pulse */,
			);
		};
/* End PBXProject section */

/* Begin PBXResourcesBuildPhase section */
		5D7530289CDC821F5A8091DC /* Resources */ = {
			isa = PBXResourcesBuildPhase;
			buildActionMask = 2147483647;
			files = (
				0B8E842D2ED12C6D00EAF7AB /* PostHog.plist.template in Resources */,
				0B8E842E2ED12C6D00EAF7AB /* COMPLETION_SUMMARY.md in Resources */,
				0B8E842F2ED12C6D00EAF7AB /* rename_target.rb in Resources */,
				0B8E84312ED12C6D00EAF7AB /* generate_project.rb in Resources */,
				0B8E84322ED12C6D00EAF7AB /* setup.sh in Resources */,
				0B8E84342ED12C6D00EAF7AB /* check_paths.rb in Resources */,
				0B8E84352ED12C6D00EAF7AB /* README.md in Resources */,
				0B8E84362ED12C6D00EAF7AB /* SETUP.md in Resources */,
				0B8E84372ED12C6D00EAF7AB /* PULSE_IMPLEMENTATION_SUMMARY.md in Resources */,
				0B8E84392ED12C6D00EAF7AB /* PULSE_MVP_PLAN.md in Resources */,
				0B8E843A2ED12C6D00EAF7AB /* Supabase.plist.template in Resources */,
			);
			runOnlyForDeploymentPostprocessing = 0;
		};
/* End PBXResourcesBuildPhase section */

/* Begin PBXSourcesBuildPhase section */
		B9B36B7F5631F87882F4F5B4 /* Sources */ = {
			isa = PBXSourcesBuildPhase;
			buildActionMask = 2147483647;
			files = (
				0B8E83E12ED12C6D00EAF7AB /* SmallWidgetView.swift in Sources */,
				0B8E83E22ED12C6D00EAF7AB /* AnalyticsEvent.swift in Sources */,
				0B8E83E32ED12C6D00EAF7AB /* NotificationManager.swift in Sources */,
				0B8E83E42ED12C6D00EAF7AB /* CheckInButtonsView.swift in Sources */,
				0B8E83E52ED12C6D00EAF7AB /* Group.swift in Sources */,
				0B8E83E62ED12C6D00EAF7AB /* GroupSwitcher.swift in Sources */,
				0B8E83E72ED12C6D00EAF7AB /* VoiceMessageCard.swift in Sources */,
				0B8E83E82ED12C6D00EAF7AB /* QuickCheckInSheet.swift in Sources */,
				0B8E83E92ED12C6D00EAF7AB /* RefreshPulseIntent.swift in Sources */,
				0B8E83EA2ED12C6D00EAF7AB /* PulseHomeView.swift in Sources */,
				0B8E83EB2ED12C6D00EAF7AB /* PulseWidgetEntry.swift in Sources */,
				0B8E83EC2ED12C6D00EAF7AB /* Note.swift in Sources */,
				0B8E83ED2ED12C6D00EAF7AB /* Color+Pulse.swift in Sources */,
				0B8E83EE2ED12C6D00EAF7AB /* LocationCard.swift in Sources */,
				0B8E83EF2ED12C6D00EAF7AB /* TaskAPI.swift in Sources */,
				0B8E83F02ED12C6D00EAF7AB /* PulseDataManager.swift in Sources */,
				0B8E83F12ED12C6D00EAF7AB /* LargeWidgetView.swift in Sources */,
				0B8E83F22ED12C6D00EAF7AB /* AvatarView.swift in Sources */,
				0B8E83F32ED12C6D00EAF7AB /* ManualCheckInSheet.swift in Sources */,
				0B8E83F42ED12C6D00EAF7AB /* AudioPlaybackManager.swift in Sources */,
				0B8E83F52ED12C6D00EAF7AB /* SupabaseClient.swift in Sources */,
				0B8E83F62ED12C6D00EAF7AB /* AudioCaptureManager.swift in Sources */,
				0B8E83F72ED12C6D00EAF7AB /* SettingsView.swift in Sources */,
				0B8E83F82ED12C6D00EAF7AB /* VoiceRecordSheet.swift in Sources */,
				0B8E83F92ED12C6D00EAF7AB /* NotesView.swift in Sources */,
				0B8E83FA2ED12C6D00EAF7AB /* HeroStatusCard.swift in Sources */,
				0B8E83FB2ED12C6D00EAF7AB /* PulseStatus.swift in Sources */,
				0B8E83FC2ED12C6D00EAF7AB /* PulseApp.swift in Sources */,
				0B8E83FD2ED12C6D00EAF7AB /* VoiceMessageModel.swift in Sources */,
				0B8E83FE2ED12C6D00EAF7AB /* PulseTimelineProvider.swift in Sources */,
				0B8E83FF2ED12C6D00EAF7AB /* RealtimeManager.swift in Sources */,
				0B8E84002ED12C6D00EAF7AB /* StatusAPI.swift in Sources */,
				0B8E84012ED12C6D00EAF7AB /* PulseWidgetBundle.swift in Sources */,
				0B8E84022ED12C6D00EAF7AB /* FeedManager.swift in Sources */,
				0B8E84032ED12C6D00EAF7AB /* TaskCard.swift in Sources */,
				0B8E84042ED12C6D00EAF7AB /* CurrentModeCard.swift in Sources */,
				0B8E84052ED12C6D00EAF7AB /* RootView.swift in Sources */,
				0B8E84062ED12C6D00EAF7AB /* UnifiedFeedView.swift in Sources */,
				0B8E84072ED12C6D00EAF7AB /* MarkSafeIntent.swift in Sources */,
				0B8E84082ED12C6D00EAF7AB /* ProfileSetupView.swift in Sources */,
				0B8E84092ED12C6D00EAF7AB /* GroupJoinView.swift in Sources */,
				0B8E840A2ED12C6D00EAF7AB /* PulseWidget.swift in Sources */,
				0B8E840B2ED12C6D00EAF7AB /* NoteCard.swift in Sources */,
				0B8E840C2ED12C6D00EAF7AB /* SettingsViewRedesign.swift in Sources */,
				0B8E840D2ED12C6D00EAF7AB /* TaskItem.swift in Sources */,
				0B8E840E2ED12C6D00EAF7AB /* WelcomeView.swift in Sources */,
				0B8E840F2ED12C6D00EAF7AB /* PostHogManager.swift in Sources */,
				0B8E84102ED12C6D00EAF7AB /* UserAPI.swift in Sources */,
				0B8E84112ED12C6D00EAF7AB /* HapticManager.swift in Sources */,
				0B8E84122ED12C6D00EAF7AB /* PulseStatusList.swift in Sources */,
				0B8E84132ED12C6D00EAF7AB /* MemberDetailSheet.swift in Sources */,
				0B8E84142ED12C6D00EAF7AB /* QuickNoteSheet.swift in Sources */,
				0B8E84152ED12C6D00EAF7AB /* Date+RelativeTime.swift in Sources */,
				0B8E84162ED12C6D00EAF7AB /* PulseLocationManager.swift in Sources */,
				0B8E84172ED12C6D00EAF7AB /* EmptyState.swift in Sources */,
				0B8E84182ED12C6D00EAF7AB /* UserProfile.swift in Sources */,
				0B8E84192ED12C6D00EAF7AB /* MemberStatusRow.swift in Sources */,
				0B8E841A2ED12C6D00EAF7AB /* DesignSystem.swift in Sources */,
				0B8E841B2ED12C6D00EAF7AB /* StatusEventDTO.swift in Sources */,
				0B8E841C2ED12C6D00EAF7AB /* FeedItem.swift in Sources */,
				0B8E841D2ED12C6D00EAF7AB /* AudioUploadManager.swift in Sources */,
				0B8E841E2ED12C6D00EAF7AB /* TasksView.swift in Sources */,
				0B8E841F2ED12C6D00EAF7AB /* SpeechRecognitionManager.swift in Sources */,
				0B8E84202ED12C6D00EAF7AB /* View+LiquidGlass.swift in Sources */,
				0B8E84212ED12C6D00EAF7AB /* MediumWidgetView.swift in Sources */,
				0B8E84222ED12C6D00EAF7AB /* ActionButton.swift in Sources */,
				0B8E84232ED12C6D00EAF7AB /* FloatingActionButton.swift in Sources */,
				0B8E84242ED12C6D00EAF7AB /* GroupAPI.swift in Sources */,
				0B8E84252ED12C6D00EAF7AB /* GroupSummaryCard.swift in Sources */,
				0B8E84262ED12C6D00EAF7AB /* TickTaskIntent.swift in Sources */,
				0B8E84272ED12C6D00EAF7AB /* QuickTaskSheet.swift in Sources */,
				0B8E84282ED12C6D00EAF7AB /* Card.swift in Sources */,
				0B8E84292ED12C6D00EAF7AB /* AppGroupStore.swift in Sources */,
				0B8E842A2ED12C6D00EAF7AB /* PulseBluetoothManager.swift in Sources */,
				0B8E842B2ED12C6D00EAF7AB /* TaskDTO.swift in Sources */,
				0B8E842C2ED12C6D00EAF7AB /* StatusIndicator.swift in Sources */,
			);
			runOnlyForDeploymentPostprocessing = 0;
		};
/* End PBXSourcesBuildPhase section */

/* Begin XCBuildConfiguration section */
		0EE918DE00A6165C4FF37D66 /* Release */ = {
			isa = XCBuildConfiguration;
			buildSettings = {
				ALWAYS_SEARCH_USER_PATHS = NO;
				ASSETCATALOG_COMPILER_GENERATE_SWIFT_ASSET_SYMBOL_EXTENSIONS = YES;
				CLANG_ANALYZER_NONNULL = YES;
				CLANG_ANALYZER_NUMBER_OBJECT_CONVERSION = YES_AGGRESSIVE;
				CLANG_CXX_LANGUAGE_STANDARD = "gnu++14";
				CLANG_CXX_LIBRARY = "libc++";
				CLANG_ENABLE_MODULES = YES;
				CLANG_ENABLE_OBJC_ARC = YES;
				CLANG_ENABLE_OBJC_WEAK = YES;
				CLANG_WARN_BLOCK_CAPTURE_AUTORELEASING = YES;
				CLANG_WARN_BOOL_CONVERSION = YES;
				CLANG_WARN_COMMA = YES;
				CLANG_WARN_CONSTANT_CONVERSION = YES;
				CLANG_WARN_DEPRECATED_OBJC_IMPLEMENTATIONS = YES;
				CLANG_WARN_DIRECT_OBJC_ISA_USAGE = YES_ERROR;
				CLANG_WARN_DOCUMENTATION_COMMENTS = YES;
				CLANG_WARN_EMPTY_BODY = YES;
				CLANG_WARN_ENUM_CONVERSION = YES;
				CLANG_WARN_INFINITE_RECURSION = YES;
				CLANG_WARN_INT_CONVERSION = YES;
				CLANG_WARN_NON_LITERAL_NULL_CONVERSION = YES;
				CLANG_WARN_OBJC_IMPLICIT_RETAIN_SELF = YES;
				CLANG_WARN_OBJC_LITERAL_CONVERSION = YES;
				CLANG_WARN_OBJC_ROOT_CLASS = YES_ERROR;
				CLANG_WARN_QUOTED_INCLUDE_IN_FRAMEWORK_HEADER = YES;
				CLANG_WARN_RANGE_LOOP_ANALYSIS = YES;
				CLANG_WARN_STRICT_PROTOTYPES = YES;
				CLANG_WARN_SUSPICIOUS_MOVE = YES;
				CLANG_WARN_UNGUARDED_AVAILABILITY = YES_AGGRESSIVE;
				CLANG_WARN_UNREACHABLE_CODE = YES;
				CLANG_WARN__DUPLICATE_METHOD_MATCH = YES;
				COPY_PHASE_STRIP = NO;
				DEAD_CODE_STRIPPING = YES;
				DEBUG_INFORMATION_FORMAT = "dwarf-with-dsym";
				DEVELOPMENT_TEAM = QPJ3G326WV;
				ENABLE_NS_ASSERTIONS = NO;
				ENABLE_STRICT_OBJC_MSGSEND = YES;
				ENABLE_USER_SCRIPT_SANDBOXING = YES;
				GCC_C_LANGUAGE_STANDARD = gnu11;
				GCC_NO_COMMON_BLOCKS = YES;
				GCC_WARN_64_TO_32_BIT_CONVERSION = YES;
				GCC_WARN_ABOUT_RETURN_TYPE = YES_ERROR;
				GCC_WARN_UNDECLARED_SELECTOR = YES;
				GCC_WARN_UNINITIALIZED_AUTOS = YES_AGGRESSIVE;
				GCC_WARN_UNUSED_FUNCTION = YES;
				GCC_WARN_UNUSED_VARIABLE = YES;
				MTL_ENABLE_DEBUG_INFO = NO;
				MTL_FAST_MATH = YES;
				PRODUCT_NAME = "$(TARGET_NAME)";
				STRING_CATALOG_GENERATE_SYMBOLS = YES;
				SWIFT_COMPILATION_MODE = wholemodule;
				SWIFT_OPTIMIZATION_LEVEL = "-O";
				SWIFT_VERSION = 5.0;
			};
			name = Release;
		};
		56B682D012EB2F8578C4A011 /* Release */ = {
			isa = XCBuildConfiguration;
			buildSettings = {
				ASSETCATALOG_COMPILER_APPICON_NAME = AppIcon;
				ASSETCATALOG_COMPILER_GLOBAL_ACCENT_COLOR_NAME = AccentColor;
				CLANG_ENABLE_OBJC_WEAK = NO;
				CODE_SIGN_ENTITLEMENTS = Pulse/Pulse.entitlements;
				CODE_SIGN_IDENTITY = "Apple Development";
				CODE_SIGN_STYLE = Automatic;
				CURRENT_PROJECT_VERSION = 1;
				INFOPLIST_FILE = Pulse/Info.plist;
				INFOPLIST_KEY_CFBundleDisplayName = Pulse;
				INFOPLIST_KEY_LSApplicationCategoryType = "public.app-category.lifestyle";
				IPHONEOS_DEPLOYMENT_TARGET = 26.0;
				LD_RUNPATH_SEARCH_PATHS = (
					"$(inherited)",
					"@executable_path/Frameworks",
				);
				MARKETING_VERSION = 1;
				PRODUCT_BUNDLE_IDENTIFIER = io.lumoralabs.pulse;
				PROVISIONING_PROFILE_SPECIFIER = "";
				SDKROOT = iphoneos;
				SUPPORTED_PLATFORMS = "iphoneos iphonesimulator";
				SUPPORTS_MACCATALYST = NO;
				SUPPORTS_XR_DESIGNED_FOR_IPHONE_IPAD = NO;
				SWIFT_VERSION = 5.0;
				TARGETED_DEVICE_FAMILY = "1,2";
				VALIDATE_PRODUCT = YES;
			};
			name = Release;
		};
		8CC59196EE07448B969FBEFA /* Debug */ = {
			isa = XCBuildConfiguration;
			buildSettings = {
				ASSETCATALOG_COMPILER_APPICON_NAME = AppIcon;
				ASSETCATALOG_COMPILER_GLOBAL_ACCENT_COLOR_NAME = AccentColor;
				CLANG_ENABLE_OBJC_WEAK = NO;
				CODE_SIGN_ENTITLEMENTS = Pulse/Pulse.entitlements;
				CODE_SIGN_IDENTITY = "Apple Development";
				CODE_SIGN_STYLE = Automatic;
				CURRENT_PROJECT_VERSION = 1;
				INFOPLIST_FILE = Pulse/Info.plist;
				INFOPLIST_KEY_CFBundleDisplayName = Pulse;
				INFOPLIST_KEY_LSApplicationCategoryType = "public.app-category.lifestyle";
				IPHONEOS_DEPLOYMENT_TARGET = 26.0;
				LD_RUNPATH_SEARCH_PATHS = (
					"$(inherited)",
					"@executable_path/Frameworks",
				);
				MARKETING_VERSION = 1;
				PRODUCT_BUNDLE_IDENTIFIER = io.lumoralabs.pulse;
				PROVISIONING_PROFILE_SPECIFIER = "";
				SDKROOT = iphoneos;
				SUPPORTED_PLATFORMS = "iphoneos iphonesimulator";
				SUPPORTS_MACCATALYST = NO;
				SUPPORTS_XR_DESIGNED_FOR_IPHONE_IPAD = NO;
				SWIFT_VERSION = 5.0;
				TARGETED_DEVICE_FAMILY = "1,2";
			};
			name = Debug;
		};
		962E4CE805D0BAAF000AD408 /* Debug */ = {
			isa = XCBuildConfiguration;
			buildSettings = {
				ALWAYS_SEARCH_USER_PATHS = NO;
				ASSETCATALOG_COMPILER_GENERATE_SWIFT_ASSET_SYMBOL_EXTENSIONS = YES;
				CLANG_ANALYZER_NONNULL = YES;
				CLANG_ANALYZER_NUMBER_OBJECT_CONVERSION = YES_AGGRESSIVE;
				CLANG_CXX_LANGUAGE_STANDARD = "gnu++14";
				CLANG_CXX_LIBRARY = "libc++";
				CLANG_ENABLE_MODULES = YES;
				CLANG_ENABLE_OBJC_ARC = YES;
				CLANG_ENABLE_OBJC_WEAK = YES;
				CLANG_WARN_BLOCK_CAPTURE_AUTORELEASING = YES;
				CLANG_WARN_BOOL_CONVERSION = YES;
				CLANG_WARN_COMMA = YES;
				CLANG_WARN_CONSTANT_CONVERSION = YES;
				CLANG_WARN_DEPRECATED_OBJC_IMPLEMENTATIONS = YES;
				CLANG_WARN_DIRECT_OBJC_ISA_USAGE = YES_ERROR;
				CLANG_WARN_DOCUMENTATION_COMMENTS = YES;
				CLANG_WARN_EMPTY_BODY = YES;
				CLANG_WARN_ENUM_CONVERSION = YES;
				CLANG_WARN_INFINITE_RECURSION = YES;
				CLANG_WARN_INT_CONVERSION = YES;
				CLANG_WARN_NON_LITERAL_NULL_CONVERSION = YES;
				CLANG_WARN_OBJC_IMPLICIT_RETAIN_SELF = YES;
				CLANG_WARN_OBJC_LITERAL_CONVERSION = YES;
				CLANG_WARN_OBJC_ROOT_CLASS = YES_ERROR;
				CLANG_WARN_QUOTED_INCLUDE_IN_FRAMEWORK_HEADER = YES;
				CLANG_WARN_RANGE_LOOP_ANALYSIS = YES;
				CLANG_WARN_STRICT_PROTOTYPES = YES;
				CLANG_WARN_SUSPICIOUS_MOVE = YES;
				CLANG_WARN_UNGUARDED_AVAILABILITY = YES_AGGRESSIVE;
				CLANG_WARN_UNREACHABLE_CODE = YES;
				CLANG_WARN__DUPLICATE_METHOD_MATCH = YES;
				COPY_PHASE_STRIP = NO;
				DEAD_CODE_STRIPPING = YES;
				DEBUG_INFORMATION_FORMAT = dwarf;
				DEVELOPMENT_TEAM = QPJ3G326WV;
				ENABLE_STRICT_OBJC_MSGSEND = YES;
				ENABLE_TESTABILITY = YES;
				ENABLE_USER_SCRIPT_SANDBOXING = YES;
				GCC_C_LANGUAGE_STANDARD = gnu11;
				GCC_DYNAMIC_NO_PIC = NO;
				GCC_NO_COMMON_BLOCKS = YES;
				GCC_OPTIMIZATION_LEVEL = 0;
				GCC_PREPROCESSOR_DEFINITIONS = (
					"DEBUG=1",
					"$(inherited)",
				);
				GCC_WARN_64_TO_32_BIT_CONVERSION = YES;
				GCC_WARN_ABOUT_RETURN_TYPE = YES_ERROR;
				GCC_WARN_UNDECLARED_SELECTOR = YES;
				GCC_WARN_UNINITIALIZED_AUTOS = YES_AGGRESSIVE;
				GCC_WARN_UNUSED_FUNCTION = YES;
				GCC_WARN_UNUSED_VARIABLE = YES;
				MTL_ENABLE_DEBUG_INFO = INCLUDE_SOURCE;
				MTL_FAST_MATH = YES;
				ONLY_ACTIVE_ARCH = YES;
				PRODUCT_NAME = "$(TARGET_NAME)";
				STRING_CATALOG_GENERATE_SYMBOLS = YES;
				SWIFT_ACTIVE_COMPILATION_CONDITIONS = DEBUG;
				SWIFT_OPTIMIZATION_LEVEL = "-Onone";
				SWIFT_VERSION = 5.0;
			};
			name = Debug;
		};
/* End XCBuildConfiguration section */

/* Begin XCConfigurationList section */
		21D7B19552E50C8159CCE389 /* Build configuration list for PBXProject "Pulse" */ = {
			isa = XCConfigurationList;
			buildConfigurations = (
				962E4CE805D0BAAF000AD408 /* Debug */,
				0EE918DE00A6165C4FF37D66 /* Release */,
			);
			defaultConfigurationIsVisible = 0;
			defaultConfigurationName = Release;
		};
		CD5CFFEDAEA27EF25EF016BD /* Build configuration list for PBXNativeTarget "Pulse" */ = {
			isa = XCConfigurationList;
			buildConfigurations = (
				56B682D012EB2F8578C4A011 /* Release */,
				8CC59196EE07448B969FBEFA /* Debug */,
			);
			defaultConfigurationIsVisible = 0;
			defaultConfigurationName = Release;
		};
/* End XCConfigurationList section */

/* Begin XCRemoteSwiftPackageReference section */
		0BA60D572ECC69C7004A8F0C /* XCRemoteSwiftPackageReference "posthog-ios" */ = {
			isa = XCRemoteSwiftPackageReference;
			repositoryURL = "https://github.com/PostHog/posthog-ios.git";
			requirement = {
				kind = upToNextMajorVersion;
				minimumVersion = 3.35.0;
			};
		};
		0BA60D5A2ECC69E2004A8F0C /* XCRemoteSwiftPackageReference "supabase-swift" */ = {
			isa = XCRemoteSwiftPackageReference;
			repositoryURL = "https://github.com/supabase-community/supabase-swift.git";
			requirement = {
				kind = upToNextMajorVersion;
				minimumVersion = 2.5.1;
			};
		};
/* End XCRemoteSwiftPackageReference section */

/* Begin XCSwiftPackageProductDependency section */
		0BA60D582ECC69C7004A8F0C /* PostHog */ = {
			isa = XCSwiftPackageProductDependency;
			package = 0BA60D572ECC69C7004A8F0C /* XCRemoteSwiftPackageReference "posthog-ios" */;
			productName = PostHog;
		};
		0BA60D5B2ECC69E2004A8F0C /* Auth */ = {
			isa = XCSwiftPackageProductDependency;
			package = 0BA60D5A2ECC69E2004A8F0C /* XCRemoteSwiftPackageReference "supabase-swift" */;
			productName = Auth;
		};
		0BA60D5D2ECC69E2004A8F0C /* Functions */ = {
			isa = XCSwiftPackageProductDependency;
			package = 0BA60D5A2ECC69E2004A8F0C /* XCRemoteSwiftPackageReference "supabase-swift" */;
			productName = Functions;
		};
		0BA60D5F2ECC69E2004A8F0C /* PostgREST */ = {
			isa = XCSwiftPackageProductDependency;
			package = 0BA60D5A2ECC69E2004A8F0C /* XCRemoteSwiftPackageReference "supabase-swift" */;
			productName = PostgREST;
		};
		0BA60D612ECC69E2004A8F0C /* Realtime */ = {
			isa = XCSwiftPackageProductDependency;
			package = 0BA60D5A2ECC69E2004A8F0C /* XCRemoteSwiftPackageReference "supabase-swift" */;
			productName = Realtime;
		};
		0BA60D632ECC69E2004A8F0C /* Storage */ = {
			isa = XCSwiftPackageProductDependency;
			package = 0BA60D5A2ECC69E2004A8F0C /* XCRemoteSwiftPackageReference "supabase-swift" */;
			productName = Storage;
		};
		0BA60D652ECC69E2004A8F0C /* Supabase */ = {
			isa = XCSwiftPackageProductDependency;
			package = 0BA60D5A2ECC69E2004A8F0C /* XCRemoteSwiftPackageReference "supabase-swift" */;
			productName = Supabase;
		};
/* End XCSwiftPackageProductDependency section */
	};
	rootObject = 9DB2248EA59F5906BC7DF50A /* Project object */;
}
