// !$*UTF8*$!
{
	archiveVersion = 1;
	classes = {
	};
	objectVersion = 54;
	objects = {

/* Begin PBXBuildFile section */
		0029139FA9532F4591F7A150 /* GroupSummaryCard.swift in Sources */ = {isa = PBXBuildFile; fileRef = B8AC5BCF55A96B3F4321E7D1 /* GroupSummaryCard.swift */; };
		031D1B4A5014764E82953E3B /* PulseStatus.swift in Sources */ = {isa = PBXBuildFile; fileRef = B85FAAF8501C3A9F2F0ADF81 /* PulseStatus.swift */; };
		0BA60D592ECC69C7004A8F0C /* PostHog in Frameworks */ = {isa = PBXBuildFile; productRef = 0BA60D582ECC69C7004A8F0C /* PostHog */; };
		0BA60D5C2ECC69E2004A8F0C /* Auth in Frameworks */ = {isa = PBXBuildFile; productRef = 0BA60D5B2ECC69E2004A8F0C /* Auth */; };
		0BA60D5E2ECC69E2004A8F0C /* Functions in Frameworks */ = {isa = PBXBuildFile; productRef = 0BA60D5D2ECC69E2004A8F0C /* Functions */; };
		0BA60D602ECC69E2004A8F0C /* PostgREST in Frameworks */ = {isa = PBXBuildFile; productRef = 0BA60D5F2ECC69E2004A8F0C /* PostgREST */; };
		0BA60D622ECC69E2004A8F0C /* Realtime in Frameworks */ = {isa = PBXBuildFile; productRef = 0BA60D612ECC69E2004A8F0C /* Realtime */; };
		0BA60D642ECC69E2004A8F0C /* Storage in Frameworks */ = {isa = PBXBuildFile; productRef = 0BA60D632ECC69E2004A8F0C /* Storage */; };
		0BA60D662ECC69E2004A8F0C /* Supabase in Frameworks */ = {isa = PBXBuildFile; productRef = 0BA60D652ECC69E2004A8F0C /* Supabase */; };
		0F2A459EB33D51E4BF5B529A /* PulseApp.swift in Sources */ = {isa = PBXBuildFile; fileRef = B9CEE8B1838557EA109EC72B /* PulseApp.swift */; };
		12B7D7E5D49214D54C49E03A /* Note.swift in Sources */ = {isa = PBXBuildFile; fileRef = AFCEAE4D10308A1595B27B63 /* Note.swift */; };
		17A79C6A3C3242DE55A1749F /* ProfileSetupView.swift in Sources */ = {isa = PBXBuildFile; fileRef = C2CE7576EB146FA98F1DA6FE /* ProfileSetupView.swift */; };
		17CBF585404E235140F991DE /* NotificationManager.swift in Sources */ = {isa = PBXBuildFile; fileRef = 32B290B6AFE71654305282BF /* NotificationManager.swift */; };
		17DCBB6F59AF57E835735D92 /* StatusAPI.swift in Sources */ = {isa = PBXBuildFile; fileRef = 47CA5A2E1E92E7A0B47A7BE0 /* StatusAPI.swift */; };
		19E8CA3B03486EFF2AD3F6DE /* TaskDTO.swift in Sources */ = {isa = PBXBuildFile; fileRef = 6C3942E0F1864899ED667C75 /* TaskDTO.swift */; };
		1AC276ECED56106CE363FE50 /* TasksView.swift in Sources */ = {isa = PBXBuildFile; fileRef = FFD21BCFFC27D395605ACD39 /* TasksView.swift */; };
		1DB3BFF268996A08EFCEBBB3 /* StatusEventDTO.swift in Sources */ = {isa = PBXBuildFile; fileRef = 96B36D252E759C59F4A3F45D /* StatusEventDTO.swift */; };
		22E21675B5B0B1F96EAFB110 /* MemberStatusRow.swift in Sources */ = {isa = PBXBuildFile; fileRef = 249BD4B548BF8F859082827D /* MemberStatusRow.swift */; };
		23B50FBB4AD11D99993BA1D7 /* TaskItem.swift in Sources */ = {isa = PBXBuildFile; fileRef = BC1DA01E95B05409E0290E9B /* TaskItem.swift */; };
		247EF5346FE56539B2C2B05E /* Color+Pulse.swift in Sources */ = {isa = PBXBuildFile; fileRef = 277B738EF1F22B43C8412ED6 /* Color+Pulse.swift */; };
		306FA0264B9EB3D11CE76157 /* NotesView.swift in Sources */ = {isa = PBXBuildFile; fileRef = 7CF3E6A784C90416BC1555C2 /* NotesView.swift */; };
		33E45D3267E4484EBD0EAACB /* PulseLocationManager.swift in Sources */ = {isa = PBXBuildFile; fileRef = B226EE0C9260189D981B5102 /* PulseLocationManager.swift */; };
		391FB59E5246B5E28D9056BA /* HapticManager.swift in Sources */ = {isa = PBXBuildFile; fileRef = C6C083A02D0E40CA4F02E85B /* HapticManager.swift */; };
		3C15AF31FED33DB3A7E9BB0A /* UserProfile.swift in Sources */ = {isa = PBXBuildFile; fileRef = 1EB9AD9B805439989B7EA6DA /* UserProfile.swift */; };
		4C4168538EF836D68C52ADC0 /* PulseBluetoothManager.swift in Sources */ = {isa = PBXBuildFile; fileRef = A1BB2016FF32590865A74518 /* PulseBluetoothManager.swift */; };
		4FC640E67FC07CEE0A2279F9 /* TaskAPI.swift in Sources */ = {isa = PBXBuildFile; fileRef = F0F9D1A5519EC085E6466E56 /* TaskAPI.swift */; };
		595E786B16C85D52AF72CCBD /* RealtimeManager.swift in Sources */ = {isa = PBXBuildFile; fileRef = 525612E62A4C2FDBF1A35902 /* RealtimeManager.swift */; };
		5BDEE12F803BF74FCF1154FB /* Date+RelativeTime.swift in Sources */ = {isa = PBXBuildFile; fileRef = 2521D3E92515B0FBFFFD89B2 /* Date+RelativeTime.swift */; };
		5CEC5A4316EBE9D234BE2947 /* AppGroupStore.swift in Sources */ = {isa = PBXBuildFile; fileRef = 7ECB82BC59F065F094E5039A /* AppGroupStore.swift */; };
		6206E47982069B850BD30F94 /* CurrentModeCard.swift in Sources */ = {isa = PBXBuildFile; fileRef = A033C77C7BC25060FAD609E3 /* CurrentModeCard.swift */; };
		7D9608B345D17C5BC6E0E211 /* PulseDataManager.swift in Sources */ = {isa = PBXBuildFile; fileRef = FB9B0E470E9301F89380D7E3 /* PulseDataManager.swift */; };
		8C10455851B3CBE3AC50CCFE /* ManualCheckInSheet.swift in Sources */ = {isa = PBXBuildFile; fileRef = 8D5A2E51A09EF3615A2AEA77 /* ManualCheckInSheet.swift */; };
		8DDE5EC46E0AA979B320DC61 /* CheckInButtonsView.swift in Sources */ = {isa = PBXBuildFile; fileRef = E695A2495154F62CA71BCEA8 /* CheckInButtonsView.swift */; };
		8E68185E1BB27F379F715BAB /* Group.swift in Sources */ = {isa = PBXBuildFile; fileRef = 72FF7E491CE1E8F50BD83F37 /* Group.swift */; };
		900B6C42F13D2CE7DF825F9C /* UserAPI.swift in Sources */ = {isa = PBXBuildFile; fileRef = EEE2EC97F656F49BA19586BB /* UserAPI.swift */; };
		90391AEBE53256CE4C3B194C /* RootView.swift in Sources */ = {isa = PBXBuildFile; fileRef = DB50ADF2C3F1E7258E8344BB /* RootView.swift */; };
		9799FD0C22973E619E84D367 /* GroupJoinView.swift in Sources */ = {isa = PBXBuildFile; fileRef = 498A80248E4FD922C75E0347 /* GroupJoinView.swift */; };
		A07B48E4E153FCB6B7D415B2 /* GroupAPI.swift in Sources */ = {isa = PBXBuildFile; fileRef = 9DF3CD7D3E9420B0B213609E /* GroupAPI.swift */; };
		A6823AC69D961D900F5F5E8C /* PostHogManager.swift in Sources */ = {isa = PBXBuildFile; fileRef = F8977253CDCB01D12A50E16E /* PostHogManager.swift */; };
		AFED936A373C8FB66792C619 /* SupabaseClient.swift in Sources */ = {isa = PBXBuildFile; fileRef = C31D3FA7A8F6AB16C2F0BA9C /* SupabaseClient.swift */; };
		B22FB5FC6C9C11781E188403 /* SettingsView.swift in Sources */ = {isa = PBXBuildFile; fileRef = 65BBD8BCD9014DD55DF8C998 /* SettingsView.swift */; };
		BB1EA49A8F26820875BAB13E /* AnalyticsEvent.swift in Sources */ = {isa = PBXBuildFile; fileRef = 10BECC8A127E08CB625C2179 /* AnalyticsEvent.swift */; };
		C9D086CA27822B6F8148AD59 /* PulseStatusList.swift in Sources */ = {isa = PBXBuildFile; fileRef = F8F7D0B253B1E78FE88BA609 /* PulseStatusList.swift */; };
		CE4472CCA8CDE84EF0BA7685 /* Foundation.framework in Frameworks */ = {isa = PBXBuildFile; fileRef = DDBD1FFC5CF2D6789A8FC70F /* Foundation.framework */; };
		F05D3940426D2433F05D5027 /* WelcomeView.swift in Sources */ = {isa = PBXBuildFile; fileRef = 9021D548E60EE6B3197D3AC0 /* WelcomeView.swift */; };
		F5FCF1636EDBB38EEBFD9817 /* View+LiquidGlass.swift in Sources */ = {isa = PBXBuildFile; fileRef = 1C6E73B82BD9E14085F6E239 /* View+LiquidGlass.swift */; };
		FFB3B0345F45760338DC83C2 /* PulseHomeView.swift in Sources */ = {isa = PBXBuildFile; fileRef = 3DF62D95387FA12F26E0C188 /* PulseHomeView.swift */; };
/* End PBXBuildFile section */

/* Begin PBXFileReference section */
		10BECC8A127E08CB625C2179 /* AnalyticsEvent.swift */ = {isa = PBXFileReference; includeInIndex = 1; lastKnownFileType = sourcecode.swift; name = AnalyticsEvent.swift; path = Pulse/Core/Analytics/AnalyticsEvent.swift; sourceTree = "<group>"; };
		1C6E73B82BD9E14085F6E239 /* View+LiquidGlass.swift */ = {isa = PBXFileReference; includeInIndex = 1; lastKnownFileType = sourcecode.swift; name = "View+LiquidGlass.swift"; path = "Pulse/Utilities/Extensions/View+LiquidGlass.swift"; sourceTree = "<group>"; };
		1EB9AD9B805439989B7EA6DA /* UserProfile.swift */ = {isa = PBXFileReference; includeInIndex = 1; lastKnownFileType = sourcecode.swift; name = UserProfile.swift; path = Pulse/Core/Models/SwiftData/UserProfile.swift; sourceTree = "<group>"; };
		249BD4B548BF8F859082827D /* MemberStatusRow.swift */ = {isa = PBXFileReference; includeInIndex = 1; lastKnownFileType = sourcecode.swift; name = MemberStatusRow.swift; path = Pulse/Features/PulseHome/MemberStatusRow.swift; sourceTree = "<group>"; };
		2521D3E92515B0FBFFFD89B2 /* Date+RelativeTime.swift */ = {isa = PBXFileReference; includeInIndex = 1; lastKnownFileType = sourcecode.swift; name = "Date+RelativeTime.swift"; path = "Pulse/Utilities/Extensions/Date+RelativeTime.swift"; sourceTree = "<group>"; };
		277B738EF1F22B43C8412ED6 /* Color+Pulse.swift */ = {isa = PBXFileReference; includeInIndex = 1; lastKnownFileType = sourcecode.swift; name = "Color+Pulse.swift"; path = "Pulse/Utilities/Extensions/Color+Pulse.swift"; sourceTree = "<group>"; };
		27A025367F18EDA2E9117B6A /* Info.plist */ = {isa = PBXFileReference; includeInIndex = 1; lastKnownFileType = text.plist.xml; name = Info.plist; path = Pulse/Info.plist; sourceTree = "<group>"; };
		32B290B6AFE71654305282BF /* NotificationManager.swift */ = {isa = PBXFileReference; includeInIndex = 1; lastKnownFileType = sourcecode.swift; name = NotificationManager.swift; path = Pulse/Utilities/Helpers/NotificationManager.swift; sourceTree = "<group>"; };
		3DF62D95387FA12F26E0C188 /* PulseHomeView.swift */ = {isa = PBXFileReference; includeInIndex = 1; lastKnownFileType = sourcecode.swift; name = PulseHomeView.swift; path = Pulse/Features/PulseHome/PulseHomeView.swift; sourceTree = "<group>"; };
		47CA5A2E1E92E7A0B47A7BE0 /* StatusAPI.swift */ = {isa = PBXFileReference; includeInIndex = 1; lastKnownFileType = sourcecode.swift; name = StatusAPI.swift; path = Pulse/Core/Network/StatusAPI.swift; sourceTree = "<group>"; };
		498A80248E4FD922C75E0347 /* GroupJoinView.swift */ = {isa = PBXFileReference; includeInIndex = 1; lastKnownFileType = sourcecode.swift; name = GroupJoinView.swift; path = Pulse/Features/Auth/GroupJoinView.swift; sourceTree = "<group>"; };
		525612E62A4C2FDBF1A35902 /* RealtimeManager.swift */ = {isa = PBXFileReference; includeInIndex = 1; lastKnownFileType = sourcecode.swift; name = RealtimeManager.swift; path = Pulse/Core/Data/RealtimeManager.swift; sourceTree = "<group>"; };
		65BBD8BCD9014DD55DF8C998 /* SettingsView.swift */ = {isa = PBXFileReference; includeInIndex = 1; lastKnownFileType = sourcecode.swift; name = SettingsView.swift; path = Pulse/Features/Settings/SettingsView.swift; sourceTree = "<group>"; };
		6C3942E0F1864899ED667C75 /* TaskDTO.swift */ = {isa = PBXFileReference; includeInIndex = 1; lastKnownFileType = sourcecode.swift; name = TaskDTO.swift; path = Pulse/Core/Models/DTO/TaskDTO.swift; sourceTree = "<group>"; };
		72FF7E491CE1E8F50BD83F37 /* Group.swift */ = {isa = PBXFileReference; includeInIndex = 1; lastKnownFileType = sourcecode.swift; name = Group.swift; path = Pulse/Core/Models/SwiftData/Group.swift; sourceTree = "<group>"; };
		7CF3E6A784C90416BC1555C2 /* NotesView.swift */ = {isa = PBXFileReference; includeInIndex = 1; lastKnownFileType = sourcecode.swift; name = NotesView.swift; path = Pulse/Features/Tasks/NotesView.swift; sourceTree = "<group>"; };
		7ECB82BC59F065F094E5039A /* AppGroupStore.swift */ = {isa = PBXFileReference; includeInIndex = 1; lastKnownFileType = sourcecode.swift; name = AppGroupStore.swift; path = Pulse/Core/Data/AppGroupStore.swift; sourceTree = "<group>"; };
		8666E27DF0B464521668E27B /* README.md */ = {isa = PBXFileReference; includeInIndex = 1; lastKnownFileType = net.daringfireball.markdown; name = README.md; path = Pulse/README.md; sourceTree = "<group>"; };
		8D5A2E51A09EF3615A2AEA77 /* ManualCheckInSheet.swift */ = {isa = PBXFileReference; includeInIndex = 1; lastKnownFileType = sourcecode.swift; name = ManualCheckInSheet.swift; path = Pulse/Features/PulseHome/ManualCheckInSheet.swift; sourceTree = "<group>"; };
		9021D548E60EE6B3197D3AC0 /* WelcomeView.swift */ = {isa = PBXFileReference; includeInIndex = 1; lastKnownFileType = sourcecode.swift; name = WelcomeView.swift; path = Pulse/Features/Auth/WelcomeView.swift; sourceTree = "<group>"; };
		96B36D252E759C59F4A3F45D /* StatusEventDTO.swift */ = {isa = PBXFileReference; includeInIndex = 1; lastKnownFileType = sourcecode.swift; name = StatusEventDTO.swift; path = Pulse/Core/Models/DTO/StatusEventDTO.swift; sourceTree = "<group>"; };
		9DF3CD7D3E9420B0B213609E /* GroupAPI.swift */ = {isa = PBXFileReference; includeInIndex = 1; lastKnownFileType = sourcecode.swift; name = GroupAPI.swift; path = Pulse/Core/Network/GroupAPI.swift; sourceTree = "<group>"; };
		A033C77C7BC25060FAD609E3 /* CurrentModeCard.swift */ = {isa = PBXFileReference; includeInIndex = 1; lastKnownFileType = sourcecode.swift; name = CurrentModeCard.swift; path = Pulse/Features/Settings/CurrentModeCard.swift; sourceTree = "<group>"; };
		A1BB2016FF32590865A74518 /* PulseBluetoothManager.swift */ = {isa = PBXFileReference; includeInIndex = 1; lastKnownFileType = sourcecode.swift; name = PulseBluetoothManager.swift; path = Pulse/Core/Location/PulseBluetoothManager.swift; sourceTree = "<group>"; };
		A8ED5CD17ECB681C0C1400D4 /* Pulse.app */ = {isa = PBXFileReference; explicitFileType = wrapper.application; includeInIndex = 0; path = Pulse.app; sourceTree = BUILT_PRODUCTS_DIR; };
		AFCEAE4D10308A1595B27B63 /* Note.swift */ = {isa = PBXFileReference; includeInIndex = 1; lastKnownFileType = sourcecode.swift; name = Note.swift; path = Pulse/Core/Models/SwiftData/Note.swift; sourceTree = "<group>"; };
		B226EE0C9260189D981B5102 /* PulseLocationManager.swift */ = {isa = PBXFileReference; includeInIndex = 1; lastKnownFileType = sourcecode.swift; name = PulseLocationManager.swift; path = Pulse/Core/Location/PulseLocationManager.swift; sourceTree = "<group>"; };
		B85FAAF8501C3A9F2F0ADF81 /* PulseStatus.swift */ = {isa = PBXFileReference; includeInIndex = 1; lastKnownFileType = sourcecode.swift; name = PulseStatus.swift; path = Pulse/Core/Models/SwiftData/PulseStatus.swift; sourceTree = "<group>"; };
		B8AC5BCF55A96B3F4321E7D1 /* GroupSummaryCard.swift */ = {isa = PBXFileReference; includeInIndex = 1; lastKnownFileType = sourcecode.swift; name = GroupSummaryCard.swift; path = Pulse/Features/PulseHome/GroupSummaryCard.swift; sourceTree = "<group>"; };
		B9CEE8B1838557EA109EC72B /* PulseApp.swift */ = {isa = PBXFileReference; includeInIndex = 1; lastKnownFileType = sourcecode.swift; name = PulseApp.swift; path = Pulse/PulseApp.swift; sourceTree = "<group>"; };
		BC1DA01E95B05409E0290E9B /* TaskItem.swift */ = {isa = PBXFileReference; includeInIndex = 1; lastKnownFileType = sourcecode.swift; name = TaskItem.swift; path = Pulse/Core/Models/SwiftData/TaskItem.swift; sourceTree = "<group>"; };
		C2CE7576EB146FA98F1DA6FE /* ProfileSetupView.swift */ = {isa = PBXFileReference; includeInIndex = 1; lastKnownFileType = sourcecode.swift; name = ProfileSetupView.swift; path = Pulse/Features/Auth/ProfileSetupView.swift; sourceTree = "<group>"; };
		C31D3FA7A8F6AB16C2F0BA9C /* SupabaseClient.swift */ = {isa = PBXFileReference; includeInIndex = 1; lastKnownFileType = sourcecode.swift; name = SupabaseClient.swift; path = Pulse/Core/Network/SupabaseClient.swift; sourceTree = "<group>"; };
		C6C083A02D0E40CA4F02E85B /* HapticManager.swift */ = {isa = PBXFileReference; includeInIndex = 1; lastKnownFileType = sourcecode.swift; name = HapticManager.swift; path = Pulse/Utilities/Helpers/HapticManager.swift; sourceTree = "<group>"; };
		D4B0BB09609B14DC8B478D06 /* Pulse.entitlements */ = {isa = PBXFileReference; includeInIndex = 1; lastKnownFileType = text.plist.entitlements; name = Pulse.entitlements; path = Pulse/Pulse.entitlements; sourceTree = "<group>"; };
		DB50ADF2C3F1E7258E8344BB /* RootView.swift */ = {isa = PBXFileReference; includeInIndex = 1; lastKnownFileType = sourcecode.swift; name = RootView.swift; path = Pulse/App/RootView.swift; sourceTree = "<group>"; };
		DDBD1FFC5CF2D6789A8FC70F /* Foundation.framework */ = {isa = PBXFileReference; lastKnownFileType = wrapper.framework; name = Foundation.framework; path = Platforms/iPhoneOS.platform/Developer/SDKs/iPhoneOS18.0.sdk/System/Library/Frameworks/Foundation.framework; sourceTree = DEVELOPER_DIR; };
		E695A2495154F62CA71BCEA8 /* CheckInButtonsView.swift */ = {isa = PBXFileReference; includeInIndex = 1; lastKnownFileType = sourcecode.swift; name = CheckInButtonsView.swift; path = Pulse/Features/PulseHome/CheckInButtonsView.swift; sourceTree = "<group>"; };
		EEE2EC97F656F49BA19586BB /* UserAPI.swift */ = {isa = PBXFileReference; includeInIndex = 1; lastKnownFileType = sourcecode.swift; name = UserAPI.swift; path = Pulse/Core/Network/UserAPI.swift; sourceTree = "<group>"; };
		F0F9D1A5519EC085E6466E56 /* TaskAPI.swift */ = {isa = PBXFileReference; includeInIndex = 1; lastKnownFileType = sourcecode.swift; name = TaskAPI.swift; path = Pulse/Core/Network/TaskAPI.swift; sourceTree = "<group>"; };
		F8977253CDCB01D12A50E16E /* PostHogManager.swift */ = {isa = PBXFileReference; includeInIndex = 1; lastKnownFileType = sourcecode.swift; name = PostHogManager.swift; path = Pulse/Core/Analytics/PostHogManager.swift; sourceTree = "<group>"; };
		F8F7D0B253B1E78FE88BA609 /* PulseStatusList.swift */ = {isa = PBXFileReference; includeInIndex = 1; lastKnownFileType = sourcecode.swift; name = PulseStatusList.swift; path = Pulse/Features/PulseHome/PulseStatusList.swift; sourceTree = "<group>"; };
		FB9B0E470E9301F89380D7E3 /* PulseDataManager.swift */ = {isa = PBXFileReference; includeInIndex = 1; lastKnownFileType = sourcecode.swift; name = PulseDataManager.swift; path = Pulse/Core/Data/PulseDataManager.swift; sourceTree = "<group>"; };
		FFD21BCFFC27D395605ACD39 /* TasksView.swift */ = {isa = PBXFileReference; includeInIndex = 1; lastKnownFileType = sourcecode.swift; name = TasksView.swift; path = Pulse/Features/Tasks/TasksView.swift; sourceTree = "<group>"; };
/* End PBXFileReference section */

/* Begin PBXFrameworksBuildPhase section */
		E8E9662ACAA086EEBF84B8AC /* Frameworks */ = {
			isa = PBXFrameworksBuildPhase;
			buildActionMask = 2147483647;
			files = (
				CE4472CCA8CDE84EF0BA7685 /* Foundation.framework in Frameworks */,
				0BA60D592ECC69C7004A8F0C /* PostHog in Frameworks */,
				0BA60D642ECC69E2004A8F0C /* Storage in Frameworks */,
				0BA60D5E2ECC69E2004A8F0C /* Functions in Frameworks */,
				0BA60D662ECC69E2004A8F0C /* Supabase in Frameworks */,
				0BA60D622ECC69E2004A8F0C /* Realtime in Frameworks */,
				0BA60D5C2ECC69E2004A8F0C /* Auth in Frameworks */,
				0BA60D602ECC69E2004A8F0C /* PostgREST in Frameworks */,
			);
			runOnlyForDeploymentPostprocessing = 0;
		};
/* End PBXFrameworksBuildPhase section */

/* Begin PBXGroup section */
		11D4A8248860F0E6732C9146 /*  */ = {
			isa = PBXGroup;
			children = (
				DB50ADF2C3F1E7258E8344BB /* RootView.swift */,
				10BECC8A127E08CB625C2179 /* AnalyticsEvent.swift */,
				F8977253CDCB01D12A50E16E /* PostHogManager.swift */,
				7ECB82BC59F065F094E5039A /* AppGroupStore.swift */,
				FB9B0E470E9301F89380D7E3 /* PulseDataManager.swift */,
				525612E62A4C2FDBF1A35902 /* RealtimeManager.swift */,
				A1BB2016FF32590865A74518 /* PulseBluetoothManager.swift */,
				B226EE0C9260189D981B5102 /* PulseLocationManager.swift */,
				96B36D252E759C59F4A3F45D /* StatusEventDTO.swift */,
				6C3942E0F1864899ED667C75 /* TaskDTO.swift */,
				72FF7E491CE1E8F50BD83F37 /* Group.swift */,
				AFCEAE4D10308A1595B27B63 /* Note.swift */,
				B85FAAF8501C3A9F2F0ADF81 /* PulseStatus.swift */,
				BC1DA01E95B05409E0290E9B /* TaskItem.swift */,
				1EB9AD9B805439989B7EA6DA /* UserProfile.swift */,
				9DF3CD7D3E9420B0B213609E /* GroupAPI.swift */,
				47CA5A2E1E92E7A0B47A7BE0 /* StatusAPI.swift */,
				C31D3FA7A8F6AB16C2F0BA9C /* SupabaseClient.swift */,
				F0F9D1A5519EC085E6466E56 /* TaskAPI.swift */,
				EEE2EC97F656F49BA19586BB /* UserAPI.swift */,
				498A80248E4FD922C75E0347 /* GroupJoinView.swift */,
				C2CE7576EB146FA98F1DA6FE /* ProfileSetupView.swift */,
				9021D548E60EE6B3197D3AC0 /* WelcomeView.swift */,
				E695A2495154F62CA71BCEA8 /* CheckInButtonsView.swift */,
				B8AC5BCF55A96B3F4321E7D1 /* GroupSummaryCard.swift */,
				8D5A2E51A09EF3615A2AEA77 /* ManualCheckInSheet.swift */,
				249BD4B548BF8F859082827D /* MemberStatusRow.swift */,
				3DF62D95387FA12F26E0C188 /* PulseHomeView.swift */,
				F8F7D0B253B1E78FE88BA609 /* PulseStatusList.swift */,
				A033C77C7BC25060FAD609E3 /* CurrentModeCard.swift */,
				65BBD8BCD9014DD55DF8C998 /* SettingsView.swift */,
				7CF3E6A784C90416BC1555C2 /* NotesView.swift */,
				FFD21BCFFC27D395605ACD39 /* TasksView.swift */,
				27A025367F18EDA2E9117B6A /* Info.plist */,
				D4B0BB09609B14DC8B478D06 /* Pulse.entitlements */,
				B9CEE8B1838557EA109EC72B /* PulseApp.swift */,
				8666E27DF0B464521668E27B /* README.md */,
				277B738EF1F22B43C8412ED6 /* Color+Pulse.swift */,
				2521D3E92515B0FBFFFD89B2 /* Date+RelativeTime.swift */,
				1C6E73B82BD9E14085F6E239 /* View+LiquidGlass.swift */,
				C6C083A02D0E40CA4F02E85B /* HapticManager.swift */,
				32B290B6AFE71654305282BF /* NotificationManager.swift */,
			);
			name = "";
			sourceTree = "<group>";
		};
		36D2398A8272DC8BD30AE0A1 /* iOS */ = {
			isa = PBXGroup;
			children = (
				DDBD1FFC5CF2D6789A8FC70F /* Foundation.framework */,
			);
			name = iOS;
			sourceTree = "<group>";
		};
		8188C1199146999B3A224AA6 /* Config */ = {
			isa = PBXGroup;
			children = (
			);
			path = Config;
			sourceTree = "<group>";
		};
		C830BB607EB29AE8CE381B15 /* Frameworks */ = {
			isa = PBXGroup;
			children = (
				36D2398A8272DC8BD30AE0A1 /* iOS */,
			);
			name = Frameworks;
			sourceTree = "<group>";
		};
		E915D55A351930EDD7FE5460 /* Products */ = {
			isa = PBXGroup;
			children = (
				A8ED5CD17ECB681C0C1400D4 /* Pulse.app */,
			);
			name = Products;
			sourceTree = "<group>";
		};
		F5C626A1E6D53DB97FD9A8C9 = {
			isa = PBXGroup;
			children = (
				E915D55A351930EDD7FE5460 /* Products */,
				C830BB607EB29AE8CE381B15 /* Frameworks */,
				8188C1199146999B3A224AA6 /* Config */,
				11D4A8248860F0E6732C9146 /*  */,
			);
			sourceTree = "<group>";
		};
/* End PBXGroup section */

/* Begin PBXNativeTarget section */
		5E30E1C7F40457D9C9A69705 /* Pulse */ = {
			isa = PBXNativeTarget;
			buildConfigurationList = CD5CFFEDAEA27EF25EF016BD /* Build configuration list for PBXNativeTarget "Pulse" */;
			buildPhases = (
				B9B36B7F5631F87882F4F5B4 /* Sources */,
				E8E9662ACAA086EEBF84B8AC /* Frameworks */,
				5D7530289CDC821F5A8091DC /* Resources */,
			);
			buildRules = (
			);
			dependencies = (
			);
			name = Pulse;
			productName = Pulse;
			productReference = A8ED5CD17ECB681C0C1400D4 /* Pulse.app */;
			productType = "com.apple.product-type.application";
		};
/* End PBXNativeTarget section */

/* Begin PBXProject section */
		9DB2248EA59F5906BC7DF50A /* Project object */ = {
			isa = PBXProject;
			attributes = {
				BuildIndependentTargetsInParallel = YES;
				LastSwiftUpdateCheck = 1600;
				LastUpgradeCheck = 2610;
			};
			buildConfigurationList = 21D7B19552E50C8159CCE389 /* Build configuration list for PBXProject "Family Hub" */;
			compatibilityVersion = "Xcode 3.2";
			developmentRegion = en;
			hasScannedForEncodings = 0;
			knownRegions = (
				en,
				Base,
			);
			mainGroup = F5C626A1E6D53DB97FD9A8C9;
			packageReferences = (
				0BA60D572ECC69C7004A8F0C /* XCRemoteSwiftPackageReference "posthog-ios" */,
				0BA60D5A2ECC69E2004A8F0C /* XCRemoteSwiftPackageReference "supabase-swift" */,
			);
			productRefGroup = E915D55A351930EDD7FE5460 /* Products */;
			projectDirPath = "";
			projectRoot = "";
			targets = (
				5E30E1C7F40457D9C9A69705 /* Pulse */,
			);
		};
/* End PBXProject section */

/* Begin PBXResourcesBuildPhase section */
		5D7530289CDC821F5A8091DC /* Resources */ = {
			isa = PBXResourcesBuildPhase;
			buildActionMask = 2147483647;
			files = (
			);
			runOnlyForDeploymentPostprocessing = 0;
		};
/* End PBXResourcesBuildPhase section */

/* Begin PBXSourcesBuildPhase section */
		B9B36B7F5631F87882F4F5B4 /* Sources */ = {
			isa = PBXSourcesBuildPhase;
			buildActionMask = 2147483647;
			files = (
				90391AEBE53256CE4C3B194C /* RootView.swift in Sources */,
				BB1EA49A8F26820875BAB13E /* AnalyticsEvent.swift in Sources */,
				A6823AC69D961D900F5F5E8C /* PostHogManager.swift in Sources */,
				5CEC5A4316EBE9D234BE2947 /* AppGroupStore.swift in Sources */,
				7D9608B345D17C5BC6E0E211 /* PulseDataManager.swift in Sources */,
				595E786B16C85D52AF72CCBD /* RealtimeManager.swift in Sources */,
				4C4168538EF836D68C52ADC0 /* PulseBluetoothManager.swift in Sources */,
				33E45D3267E4484EBD0EAACB /* PulseLocationManager.swift in Sources */,
				1DB3BFF268996A08EFCEBBB3 /* StatusEventDTO.swift in Sources */,
				19E8CA3B03486EFF2AD3F6DE /* TaskDTO.swift in Sources */,
				8E68185E1BB27F379F715BAB /* Group.swift in Sources */,
				12B7D7E5D49214D54C49E03A /* Note.swift in Sources */,
				031D1B4A5014764E82953E3B /* PulseStatus.swift in Sources */,
				23B50FBB4AD11D99993BA1D7 /* TaskItem.swift in Sources */,
				3C15AF31FED33DB3A7E9BB0A /* UserProfile.swift in Sources */,
				A07B48E4E153FCB6B7D415B2 /* GroupAPI.swift in Sources */,
				17DCBB6F59AF57E835735D92 /* StatusAPI.swift in Sources */,
				AFED936A373C8FB66792C619 /* SupabaseClient.swift in Sources */,
				4FC640E67FC07CEE0A2279F9 /* TaskAPI.swift in Sources */,
				900B6C42F13D2CE7DF825F9C /* UserAPI.swift in Sources */,
				9799FD0C22973E619E84D367 /* GroupJoinView.swift in Sources */,
				17A79C6A3C3242DE55A1749F /* ProfileSetupView.swift in Sources */,
				F05D3940426D2433F05D5027 /* WelcomeView.swift in Sources */,
				8DDE5EC46E0AA979B320DC61 /* CheckInButtonsView.swift in Sources */,
				0029139FA9532F4591F7A150 /* GroupSummaryCard.swift in Sources */,
				8C10455851B3CBE3AC50CCFE /* ManualCheckInSheet.swift in Sources */,
				22E21675B5B0B1F96EAFB110 /* MemberStatusRow.swift in Sources */,
				FFB3B0345F45760338DC83C2 /* PulseHomeView.swift in Sources */,
				C9D086CA27822B6F8148AD59 /* PulseStatusList.swift in Sources */,
				6206E47982069B850BD30F94 /* CurrentModeCard.swift in Sources */,
				B22FB5FC6C9C11781E188403 /* SettingsView.swift in Sources */,
				306FA0264B9EB3D11CE76157 /* NotesView.swift in Sources */,
				1AC276ECED56106CE363FE50 /* TasksView.swift in Sources */,
				0F2A459EB33D51E4BF5B529A /* PulseApp.swift in Sources */,
				247EF5346FE56539B2C2B05E /* Color+Pulse.swift in Sources */,
				5BDEE12F803BF74FCF1154FB /* Date+RelativeTime.swift in Sources */,
				F5FCF1636EDBB38EEBFD9817 /* View+LiquidGlass.swift in Sources */,
				391FB59E5246B5E28D9056BA /* HapticManager.swift in Sources */,
				17CBF585404E235140F991DE /* NotificationManager.swift in Sources */,
			);
			runOnlyForDeploymentPostprocessing = 0;
		};
/* End PBXSourcesBuildPhase section */

/* Begin XCBuildConfiguration section */
		0EE918DE00A6165C4FF37D66 /* Release */ = {
			isa = XCBuildConfiguration;
			buildSettings = {
				ALWAYS_SEARCH_USER_PATHS = NO;
				ASSETCATALOG_COMPILER_GENERATE_SWIFT_ASSET_SYMBOL_EXTENSIONS = YES;
				CLANG_ANALYZER_NONNULL = YES;
				CLANG_ANALYZER_NUMBER_OBJECT_CONVERSION = YES_AGGRESSIVE;
				CLANG_CXX_LANGUAGE_STANDARD = "gnu++14";
				CLANG_CXX_LIBRARY = "libc++";
				CLANG_ENABLE_MODULES = YES;
				CLANG_ENABLE_OBJC_ARC = YES;
				CLANG_ENABLE_OBJC_WEAK = YES;
				CLANG_WARN_BLOCK_CAPTURE_AUTORELEASING = YES;
				CLANG_WARN_BOOL_CONVERSION = YES;
				CLANG_WARN_COMMA = YES;
				CLANG_WARN_CONSTANT_CONVERSION = YES;
				CLANG_WARN_DEPRECATED_OBJC_IMPLEMENTATIONS = YES;
				CLANG_WARN_DIRECT_OBJC_ISA_USAGE = YES_ERROR;
				CLANG_WARN_DOCUMENTATION_COMMENTS = YES;
				CLANG_WARN_EMPTY_BODY = YES;
				CLANG_WARN_ENUM_CONVERSION = YES;
				CLANG_WARN_INFINITE_RECURSION = YES;
				CLANG_WARN_INT_CONVERSION = YES;
				CLANG_WARN_NON_LITERAL_NULL_CONVERSION = YES;
				CLANG_WARN_OBJC_IMPLICIT_RETAIN_SELF = YES;
				CLANG_WARN_OBJC_LITERAL_CONVERSION = YES;
				CLANG_WARN_OBJC_ROOT_CLASS = YES_ERROR;
				CLANG_WARN_QUOTED_INCLUDE_IN_FRAMEWORK_HEADER = YES;
				CLANG_WARN_RANGE_LOOP_ANALYSIS = YES;
				CLANG_WARN_STRICT_PROTOTYPES = YES;
				CLANG_WARN_SUSPICIOUS_MOVE = YES;
				CLANG_WARN_UNGUARDED_AVAILABILITY = YES_AGGRESSIVE;
				CLANG_WARN_UNREACHABLE_CODE = YES;
				CLANG_WARN__DUPLICATE_METHOD_MATCH = YES;
				COPY_PHASE_STRIP = NO;
				DEAD_CODE_STRIPPING = YES;
				DEBUG_INFORMATION_FORMAT = "dwarf-with-dsym";
				DEVELOPMENT_TEAM = QPJ3G326WV;
				ENABLE_NS_ASSERTIONS = NO;
				ENABLE_STRICT_OBJC_MSGSEND = YES;
				ENABLE_USER_SCRIPT_SANDBOXING = YES;
				GCC_C_LANGUAGE_STANDARD = gnu11;
				GCC_NO_COMMON_BLOCKS = YES;
				GCC_WARN_64_TO_32_BIT_CONVERSION = YES;
				GCC_WARN_ABOUT_RETURN_TYPE = YES_ERROR;
				GCC_WARN_UNDECLARED_SELECTOR = YES;
				GCC_WARN_UNINITIALIZED_AUTOS = YES_AGGRESSIVE;
				GCC_WARN_UNUSED_FUNCTION = YES;
				GCC_WARN_UNUSED_VARIABLE = YES;
				MTL_ENABLE_DEBUG_INFO = NO;
				MTL_FAST_MATH = YES;
				PRODUCT_NAME = "$(TARGET_NAME)";
				STRING_CATALOG_GENERATE_SYMBOLS = YES;
				SWIFT_COMPILATION_MODE = wholemodule;
				SWIFT_OPTIMIZATION_LEVEL = "-O";
				SWIFT_VERSION = 5.0;
			};
			name = Release;
		};
		56B682D012EB2F8578C4A011 /* Release */ = {
			isa = XCBuildConfiguration;
			buildSettings = {
				ASSETCATALOG_COMPILER_APPICON_NAME = AppIcon;
				ASSETCATALOG_COMPILER_GLOBAL_ACCENT_COLOR_NAME = AccentColor;
				CLANG_ENABLE_OBJC_WEAK = NO;
				CODE_SIGN_ENTITLEMENTS = Pulse/Pulse.entitlements;
				CODE_SIGN_IDENTITY = "Apple Development";
				CODE_SIGN_STYLE = Automatic;
				CURRENT_PROJECT_VERSION = 1;
				INFOPLIST_FILE = Pulse/Info.plist;
				INFOPLIST_KEY_CFBundleDisplayName = Pulse;
				INFOPLIST_KEY_LSApplicationCategoryType = "public.app-category.lifestyle";
				IPHONEOS_DEPLOYMENT_TARGET = 26.0;
				LD_RUNPATH_SEARCH_PATHS = (
					"$(inherited)",
					"@executable_path/Frameworks",
				);
				MARKETING_VERSION = 1;
				PRODUCT_BUNDLE_IDENTIFIER = io.lumoralabs.pulse;
				PROVISIONING_PROFILE_SPECIFIER = "";
				SDKROOT = iphoneos;
				SUPPORTED_PLATFORMS = "iphoneos iphonesimulator";
				SUPPORTS_MACCATALYST = NO;
				SUPPORTS_XR_DESIGNED_FOR_IPHONE_IPAD = NO;
				SWIFT_VERSION = 5.0;
				TARGETED_DEVICE_FAMILY = "1,2";
				VALIDATE_PRODUCT = YES;
			};
			name = Release;
		};
		8CC59196EE07448B969FBEFA /* Debug */ = {
			isa = XCBuildConfiguration;
			buildSettings = {
				ASSETCATALOG_COMPILER_APPICON_NAME = AppIcon;
				ASSETCATALOG_COMPILER_GLOBAL_ACCENT_COLOR_NAME = AccentColor;
				CLANG_ENABLE_OBJC_WEAK = NO;
				CODE_SIGN_ENTITLEMENTS = Pulse/Pulse.entitlements;
				CODE_SIGN_IDENTITY = "Apple Development";
				CODE_SIGN_STYLE = Automatic;
				CURRENT_PROJECT_VERSION = 1;
				INFOPLIST_FILE = Pulse/Info.plist;
				INFOPLIST_KEY_CFBundleDisplayName = Pulse;
				INFOPLIST_KEY_LSApplicationCategoryType = "public.app-category.lifestyle";
				IPHONEOS_DEPLOYMENT_TARGET = 26.0;
				LD_RUNPATH_SEARCH_PATHS = (
					"$(inherited)",
					"@executable_path/Frameworks",
				);
				MARKETING_VERSION = 1;
				PRODUCT_BUNDLE_IDENTIFIER = io.lumoralabs.pulse;
				PROVISIONING_PROFILE_SPECIFIER = "";
				SDKROOT = iphoneos;
				SUPPORTED_PLATFORMS = "iphoneos iphonesimulator";
				SUPPORTS_MACCATALYST = NO;
				SUPPORTS_XR_DESIGNED_FOR_IPHONE_IPAD = NO;
				SWIFT_VERSION = 5.0;
				TARGETED_DEVICE_FAMILY = "1,2";
			};
			name = Debug;
		};
		962E4CE805D0BAAF000AD408 /* Debug */ = {
			isa = XCBuildConfiguration;
			buildSettings = {
				ALWAYS_SEARCH_USER_PATHS = NO;
				ASSETCATALOG_COMPILER_GENERATE_SWIFT_ASSET_SYMBOL_EXTENSIONS = YES;
				CLANG_ANALYZER_NONNULL = YES;
				CLANG_ANALYZER_NUMBER_OBJECT_CONVERSION = YES_AGGRESSIVE;
				CLANG_CXX_LANGUAGE_STANDARD = "gnu++14";
				CLANG_CXX_LIBRARY = "libc++";
				CLANG_ENABLE_MODULES = YES;
				CLANG_ENABLE_OBJC_ARC = YES;
				CLANG_ENABLE_OBJC_WEAK = YES;
				CLANG_WARN_BLOCK_CAPTURE_AUTORELEASING = YES;
				CLANG_WARN_BOOL_CONVERSION = YES;
				CLANG_WARN_COMMA = YES;
				CLANG_WARN_CONSTANT_CONVERSION = YES;
				CLANG_WARN_DEPRECATED_OBJC_IMPLEMENTATIONS = YES;
				CLANG_WARN_DIRECT_OBJC_ISA_USAGE = YES_ERROR;
				CLANG_WARN_DOCUMENTATION_COMMENTS = YES;
				CLANG_WARN_EMPTY_BODY = YES;
				CLANG_WARN_ENUM_CONVERSION = YES;
				CLANG_WARN_INFINITE_RECURSION = YES;
				CLANG_WARN_INT_CONVERSION = YES;
				CLANG_WARN_NON_LITERAL_NULL_CONVERSION = YES;
				CLANG_WARN_OBJC_IMPLICIT_RETAIN_SELF = YES;
				CLANG_WARN_OBJC_LITERAL_CONVERSION = YES;
				CLANG_WARN_OBJC_ROOT_CLASS = YES_ERROR;
				CLANG_WARN_QUOTED_INCLUDE_IN_FRAMEWORK_HEADER = YES;
				CLANG_WARN_RANGE_LOOP_ANALYSIS = YES;
				CLANG_WARN_STRICT_PROTOTYPES = YES;
				CLANG_WARN_SUSPICIOUS_MOVE = YES;
				CLANG_WARN_UNGUARDED_AVAILABILITY = YES_AGGRESSIVE;
				CLANG_WARN_UNREACHABLE_CODE = YES;
				CLANG_WARN__DUPLICATE_METHOD_MATCH = YES;
				COPY_PHASE_STRIP = NO;
				DEAD_CODE_STRIPPING = YES;
				DEBUG_INFORMATION_FORMAT = dwarf;
				DEVELOPMENT_TEAM = QPJ3G326WV;
				ENABLE_STRICT_OBJC_MSGSEND = YES;
				ENABLE_TESTABILITY = YES;
				ENABLE_USER_SCRIPT_SANDBOXING = YES;
				GCC_C_LANGUAGE_STANDARD = gnu11;
				GCC_DYNAMIC_NO_PIC = NO;
				GCC_NO_COMMON_BLOCKS = YES;
				GCC_OPTIMIZATION_LEVEL = 0;
				GCC_PREPROCESSOR_DEFINITIONS = (
					"DEBUG=1",
					"$(inherited)",
				);
				GCC_WARN_64_TO_32_BIT_CONVERSION = YES;
				GCC_WARN_ABOUT_RETURN_TYPE = YES_ERROR;
				GCC_WARN_UNDECLARED_SELECTOR = YES;
				GCC_WARN_UNINITIALIZED_AUTOS = YES_AGGRESSIVE;
				GCC_WARN_UNUSED_FUNCTION = YES;
				GCC_WARN_UNUSED_VARIABLE = YES;
				MTL_ENABLE_DEBUG_INFO = INCLUDE_SOURCE;
				MTL_FAST_MATH = YES;
				ONLY_ACTIVE_ARCH = YES;
				PRODUCT_NAME = "$(TARGET_NAME)";
				STRING_CATALOG_GENERATE_SYMBOLS = YES;
				SWIFT_ACTIVE_COMPILATION_CONDITIONS = DEBUG;
				SWIFT_OPTIMIZATION_LEVEL = "-Onone";
				SWIFT_VERSION = 5.0;
			};
			name = Debug;
		};
/* End XCBuildConfiguration section */

/* Begin XCConfigurationList section */
		21D7B19552E50C8159CCE389 /* Build configuration list for PBXProject "Family Hub" */ = {
			isa = XCConfigurationList;
			buildConfigurations = (
				962E4CE805D0BAAF000AD408 /* Debug */,
				0EE918DE00A6165C4FF37D66 /* Release */,
			);
			defaultConfigurationIsVisible = 0;
			defaultConfigurationName = Release;
		};
		CD5CFFEDAEA27EF25EF016BD /* Build configuration list for PBXNativeTarget "Pulse" */ = {
			isa = XCConfigurationList;
			buildConfigurations = (
				56B682D012EB2F8578C4A011 /* Release */,
				8CC59196EE07448B969FBEFA /* Debug */,
			);
			defaultConfigurationIsVisible = 0;
			defaultConfigurationName = Release;
		};
/* End XCConfigurationList section */

/* Begin XCRemoteSwiftPackageReference section */
		0BA60D572ECC69C7004A8F0C /* XCRemoteSwiftPackageReference "posthog-ios" */ = {
			isa = XCRemoteSwiftPackageReference;
			repositoryURL = "https://github.com/PostHog/posthog-ios.git";
			requirement = {
				kind = upToNextMajorVersion;
				minimumVersion = 3.35.0;
			};
		};
		0BA60D5A2ECC69E2004A8F0C /* XCRemoteSwiftPackageReference "supabase-swift" */ = {
			isa = XCRemoteSwiftPackageReference;
			repositoryURL = "https://github.com/supabase-community/supabase-swift.git";
			requirement = {
				kind = upToNextMajorVersion;
				minimumVersion = 2.5.1;
			};
		};
/* End XCRemoteSwiftPackageReference section */

/* Begin XCSwiftPackageProductDependency section */
		0BA60D582ECC69C7004A8F0C /* PostHog */ = {
			isa = XCSwiftPackageProductDependency;
			package = 0BA60D572ECC69C7004A8F0C /* XCRemoteSwiftPackageReference "posthog-ios" */;
			productName = PostHog;
		};
		0BA60D5B2ECC69E2004A8F0C /* Auth */ = {
			isa = XCSwiftPackageProductDependency;
			package = 0BA60D5A2ECC69E2004A8F0C /* XCRemoteSwiftPackageReference "supabase-swift" */;
			productName = Auth;
		};
		0BA60D5D2ECC69E2004A8F0C /* Functions */ = {
			isa = XCSwiftPackageProductDependency;
			package = 0BA60D5A2ECC69E2004A8F0C /* XCRemoteSwiftPackageReference "supabase-swift" */;
			productName = Functions;
		};
		0BA60D5F2ECC69E2004A8F0C /* PostgREST */ = {
			isa = XCSwiftPackageProductDependency;
			package = 0BA60D5A2ECC69E2004A8F0C /* XCRemoteSwiftPackageReference "supabase-swift" */;
			productName = PostgREST;
		};
		0BA60D612ECC69E2004A8F0C /* Realtime */ = {
			isa = XCSwiftPackageProductDependency;
			package = 0BA60D5A2ECC69E2004A8F0C /* XCRemoteSwiftPackageReference "supabase-swift" */;
			productName = Realtime;
		};
		0BA60D632ECC69E2004A8F0C /* Storage */ = {
			isa = XCSwiftPackageProductDependency;
			package = 0BA60D5A2ECC69E2004A8F0C /* XCRemoteSwiftPackageReference "supabase-swift" */;
			productName = Storage;
		};
		0BA60D652ECC69E2004A8F0C /* Supabase */ = {
			isa = XCSwiftPackageProductDependency;
			package = 0BA60D5A2ECC69E2004A8F0C /* XCRemoteSwiftPackageReference "supabase-swift" */;
			productName = Supabase;
		};
/* End XCSwiftPackageProductDependency section */
	};
	rootObject = 9DB2248EA59F5906BC7DF50A /* Project object */;
}
